// !$*UTF8*$!
{
	archiveVersion = 1;
	classes = {
	};
	objectVersion = 50;
	objects = {

/* Begin PBXBuildFile section */
		FF36B2EE23490A87007AF6C9 /* AppDelegate.swift in Sources */ = {isa = PBXBuildFile; fileRef = FF36B2ED23490A87007AF6C9 /* AppDelegate.swift */; };
		FF36B2F023490A87007AF6C9 /* SceneDelegate.swift in Sources */ = {isa = PBXBuildFile; fileRef = FF36B2EF23490A87007AF6C9 /* SceneDelegate.swift */; };
		FF36B2F223490A87007AF6C9 /* ViewController.swift in Sources */ = {isa = PBXBuildFile; fileRef = FF36B2F123490A87007AF6C9 /* ViewController.swift */; };
		FF36B2F523490A87007AF6C9 /* Main.storyboard in Resources */ = {isa = PBXBuildFile; fileRef = FF36B2F323490A87007AF6C9 /* Main.storyboard */; };
		FF36B2F723490A90007AF6C9 /* Assets.xcassets in Resources */ = {isa = PBXBuildFile; fileRef = FF36B2F623490A90007AF6C9 /* Assets.xcassets */; };
		FF36B2FA23490A90007AF6C9 /* LaunchScreen.storyboard in Resources */ = {isa = PBXBuildFile; fileRef = FF36B2F823490A90007AF6C9 /* LaunchScreen.storyboard */; };
/* End PBXBuildFile section */

/* Begin PBXFileReference section */
		FF36B2EA23490A87007AF6C9 /* Stack View.app */ = {isa = PBXFileReference; explicitFileType = wrapper.application; includeInIndex = 0; path = "Stack View.app"; sourceTree = BUILT_PRODUCTS_DIR; };
		FF36B2ED23490A87007AF6C9 /* AppDelegate.swift */ = {isa = PBXFileReference; lastKnownFileType = sourcecode.swift; path = AppDelegate.swift; sourceTree = "<group>"; };
		FF36B2EF23490A87007AF6C9 /* SceneDelegate.swift */ = {isa = PBXFileReference; lastKnownFileType = sourcecode.swift; path = SceneDelegate.swift; sourceTree = "<group>"; };
		FF36B2F123490A87007AF6C9 /* ViewController.swift */ = {isa = PBXFileReference; lastKnownFileType = sourcecode.swift; path = ViewController.swift; sourceTree = "<group>"; };
		FF36B2F423490A87007AF6C9 /* Base */ = {isa = PBXFileReference; lastKnownFileType = file.storyboard; name = Base; path = Base.lproj/Main.storyboard; sourceTree = "<group>"; };
		FF36B2F623490A90007AF6C9 /* Assets.xcassets */ = {isa = PBXFileReference; lastKnownFileType = folder.assetcatalog; path = Assets.xcassets; sourceTree = "<group>"; };
		FF36B2F923490A90007AF6C9 /* Base */ = {isa = PBXFileReference; lastKnownFileType = file.storyboard; name = Base; path = Base.lproj/LaunchScreen.storyboard; sourceTree = "<group>"; };
		FF36B2FB23490A90007AF6C9 /* Info.plist */ = {isa = PBXFileReference; lastKnownFileType = text.plist.xml; path = Info.plist; sourceTree = "<group>"; };
/* End PBXFileReference section */

/* Begin PBXFrameworksBuildPhase section */
		FF36B2E723490A87007AF6C9 /* Frameworks */ = {
			isa = PBXFrameworksBuildPhase;
			buildActionMask = 2147483647;
			files = (
			);
			runOnlyForDeploymentPostprocessing = 0;
		};
/* End PBXFrameworksBuildPhase section */

/* Begin PBXGroup section */
		FF36B2E123490A87007AF6C9 = {
			isa = PBXGroup;
			children = (
				FF36B2EC23490A87007AF6C9 /* Stack View */,
				FF36B2EB23490A87007AF6C9 /* Products */,
			);
			sourceTree = "<group>";
		};
		FF36B2EB23490A87007AF6C9 /* Products */ = {
			isa = PBXGroup;
			children = (
				FF36B2EA23490A87007AF6C9 /* Stack View.app */,
			);
			name = Products;
			sourceTree = "<group>";
		};
		FF36B2EC23490A87007AF6C9 /* Stack View */ = {
			isa = PBXGroup;
			children = (
				FF36B2ED23490A87007AF6C9 /* AppDelegate.swift */,
				FF36B2EF23490A87007AF6C9 /* SceneDelegate.swift */,
				FF36B2F123490A87007AF6C9 /* ViewController.swift */,
				FF36B2F323490A87007AF6C9 /* Main.storyboard */,
				FF36B2F623490A90007AF6C9 /* Assets.xcassets */,
				FF36B2F823490A90007AF6C9 /* LaunchScreen.storyboard */,
				FF36B2FB23490A90007AF6C9 /* Info.plist */,
			);
			path = "Stack View";
			sourceTree = "<group>";
		};
/* End PBXGroup section */

/* Begin PBXNativeTarget section */
		FF36B2E923490A87007AF6C9 /* Stack View */ = {
			isa = PBXNativeTarget;
			buildConfigurationList = FF36B2FE23490A90007AF6C9 /* Build configuration list for PBXNativeTarget "Stack View" */;
			buildPhases = (
				FF36B2E623490A87007AF6C9 /* Sources */,
				FF36B2E723490A87007AF6C9 /* Frameworks */,
				FF36B2E823490A87007AF6C9 /* Resources */,
			);
			buildRules = (
			);
			dependencies = (
			);
			name = "Stack View";
			productName = "Stack View";
			productReference = FF36B2EA23490A87007AF6C9 /* Stack View.app */;
			productType = "com.apple.product-type.application";
		};
/* End PBXNativeTarget section */

/* Begin PBXProject section */
		FF36B2E223490A87007AF6C9 /* Project object */ = {
			isa = PBXProject;
			attributes = {
				LastSwiftUpdateCheck = 1100;
				LastUpgradeCheck = 1100;
				ORGANIZATIONNAME = "SVM Dev";
				TargetAttributes = {
					FF36B2E923490A87007AF6C9 = {
						CreatedOnToolsVersion = 11.0;
					};
				};
			};
			buildConfigurationList = FF36B2E523490A87007AF6C9 /* Build configuration list for PBXProject "Stack View" */;
			compatibilityVersion = "Xcode 9.3";
			developmentRegion = en;
			hasScannedForEncodings = 0;
			knownRegions = (
				en,
				Base,
			);
			mainGroup = FF36B2E123490A87007AF6C9;
			productRefGroup = FF36B2EB23490A87007AF6C9 /* Products */;
			projectDirPath = "";
			projectRoot = "";
			targets = (
				FF36B2E923490A87007AF6C9 /* Stack View */,
			);
		};
/* End PBXProject section */

/* Begin PBXResourcesBuildPhase section */
		FF36B2E823490A87007AF6C9 /* Resources */ = {
			isa = PBXResourcesBuildPhase;
			buildActionMask = 2147483647;
			files = (
				FF36B2FA23490A90007AF6C9 /* LaunchScreen.storyboard in Resources */,
				FF36B2F723490A90007AF6C9 /* Assets.xcassets in Resources */,
				FF36B2F523490A87007AF6C9 /* Main.storyboard in Resources */,
			);
			runOnlyForDeploymentPostprocessing = 0;
		};
/* End PBXResourcesBuildPhase section */

/* Begin PBXSourcesBuildPhase section */
		FF36B2E623490A87007AF6C9 /* Sources */ = {
			isa = PBXSourcesBuildPhase;
			buildActionMask = 2147483647;
			files = (
				FF36B2F223490A87007AF6C9 /* ViewController.swift in Sources */,
				FF36B2EE23490A87007AF6C9 /* AppDelegate.swift in Sources */,
				FF36B2F023490A87007AF6C9 /* SceneDelegate.swift in Sources */,
			);
			runOnlyForDeploymentPostprocessing = 0;
		};
/* End PBXSourcesBuildPhase section */

/* Begin PBXVariantGroup section */
		FF36B2F323490A87007AF6C9 /* Main.storyboard */ = {
			isa = PBXVariantGroup;
			children = (
				FF36B2F423490A87007AF6C9 /* Base */,
			);
			name = Main.storyboard;
			sourceTree = "<group>";
		};
		FF36B2F823490A90007AF6C9 /* LaunchScreen.storyboard */ = {
			isa = PBXVariantGroup;
			children = (
				FF36B2F923490A90007AF6C9 /* Base */,
			);
			name = LaunchScreen.storyboard;
			sourceTree = "<group>";
		};
/* End PBXVariantGroup section */

/* Begin XCBuildConfiguration section */
		FF36B2FC23490A90007AF6C9 /* Debug */ = {
			isa = XCBuildConfiguration;
			buildSettings = {
				ALWAYS_SEARCH_USER_PATHS = NO;
				CLANG_ANALYZER_NONNULL = YES;
				CLANG_ANALYZER_NUMBER_OBJECT_CONVERSION = YES_AGGRESSIVE;
				CLANG_CXX_LANGUAGE_STANDARD = "gnu++14";
				CLANG_CXX_LIBRARY = "libc++";
				CLANG_ENABLE_MODULES = YES;
				CLANG_ENABLE_OBJC_ARC = YES;
				CLANG_ENABLE_OBJC_WEAK = YES;
				CLANG_WARN_BLOCK_CAPTURE_AUTORELEASING = YES;
				CLANG_WARN_BOOL_CONVERSION = YES;
				CLANG_WARN_COMMA = YES;
				CLANG_WARN_CONSTANT_CONVERSION = YES;
				CLANG_WARN_DEPRECATED_OBJC_IMPLEMENTATIONS = YES;
				CLANG_WARN_DIRECT_OBJC_ISA_USAGE = YES_ERROR;
				CLANG_WARN_DOCUMENTATION_COMMENTS = YES;
				CLANG_WARN_EMPTY_BODY = YES;
				CLANG_WARN_ENUM_CONVERSION = YES;
				CLANG_WARN_INFINITE_RECURSION = YES;
				CLANG_WARN_INT_CONVERSION = YES;
				CLANG_WARN_NON_LITERAL_NULL_CONVERSION = YES;
				CLANG_WARN_OBJC_IMPLICIT_RETAIN_SELF = YES;
				CLANG_WARN_OBJC_LITERAL_CONVERSION = YES;
				CLANG_WARN_OBJC_ROOT_CLASS = YES_ERROR;
				CLANG_WARN_RANGE_LOOP_ANALYSIS = YES;
				CLANG_WARN_STRICT_PROTOTYPES = YES;
				CLANG_WARN_SUSPICIOUS_MOVE = YES;
				CLANG_WARN_UNGUARDED_AVAILABILITY = YES_AGGRESSIVE;
				CLANG_WARN_UNREACHABLE_CODE = YES;
				CLANG_WARN__DUPLICATE_METHOD_MATCH = YES;
				COPY_PHASE_STRIP = NO;
				DEBUG_INFORMATION_FORMAT = dwarf;
				ENABLE_STRICT_OBJC_MSGSEND = YES;
				ENABLE_TESTABILITY = YES;
				GCC_C_LANGUAGE_STANDARD = gnu11;
				GCC_DYNAMIC_NO_PIC = NO;
				GCC_NO_COMMON_BLOCKS = YES;
				GCC_OPTIMIZATION_LEVEL = 0;
				GCC_PREPROCESSOR_DEFINITIONS = (
					"DEBUG=1",
					"$(inherited)",
				);
				GCC_WARN_64_TO_32_BIT_CONVERSION = YES;
				GCC_WARN_ABOUT_RETURN_TYPE = YES_ERROR;
				GCC_WARN_UNDECLARED_SELECTOR = YES;
				GCC_WARN_UNINITIALIZED_AUTOS = YES_AGGRESSIVE;
				GCC_WARN_UNUSED_FUNCTION = YES;
				GCC_WARN_UNUSED_VARIABLE = YES;
				IPHONEOS_DEPLOYMENT_TARGET = 13.0;
				MTL_ENABLE_DEBUG_INFO = INCLUDE_SOURCE;
				MTL_FAST_MATH = YES;
				ONLY_ACTIVE_ARCH = YES;
				SDKROOT = iphoneos;
				SWIFT_ACTIVE_COMPILATION_CONDITIONS = DEBUG;
				SWIFT_OPTIMIZATION_LEVEL = "-Onone";
			};
			name = Debug;
		};
		FF36B2FD23490A90007AF6C9 /* Release */ = {
			isa = XCBuildConfiguration;
			buildSettings = {
				ALWAYS_SEARCH_USER_PATHS = NO;
				CLANG_ANALYZER_NONNULL = YES;
				CLANG_ANALYZER_NUMBER_OBJECT_CONVERSION = YES_AGGRESSIVE;
				CLANG_CXX_LANGUAGE_STANDARD = "gnu++14";
				CLANG_CXX_LIBRARY = "libc++";
				CLANG_ENABLE_MODULES = YES;
				CLANG_ENABLE_OBJC_ARC = YES;
				CLANG_ENABLE_OBJC_WEAK = YES;
				CLANG_WARN_BLOCK_CAPTURE_AUTORELEASING = YES;
				CLANG_WARN_BOOL_CONVERSION = YES;
				CLANG_WARN_COMMA = YES;
				CLANG_WARN_CONSTANT_CONVERSION = YES;
				CLANG_WARN_DEPRECATED_OBJC_IMPLEMENTATIONS = YES;
				CLANG_WARN_DIRECT_OBJC_ISA_USAGE = YES_ERROR;
				CLANG_WARN_DOCUMENTATION_COMMENTS = YES;
				CLANG_WARN_EMPTY_BODY = YES;
				CLANG_WARN_ENUM_CONVERSION = YES;
				CLANG_WARN_INFINITE_RECURSION = YES;
				CLANG_WARN_INT_CONVERSION = YES;
				CLANG_WARN_NON_LITERAL_NULL_CONVERSION = YES;
				CLANG_WARN_OBJC_IMPLICIT_RETAIN_SELF = YES;
				CLANG_WARN_OBJC_LITERAL_CONVERSION = YES;
				CLANG_WARN_OBJC_ROOT_CLASS = YES_ERROR;
				CLANG_WARN_RANGE_LOOP_ANALYSIS = YES;
				CLANG_WARN_STRICT_PROTOTYPES = YES;
				CLANG_WARN_SUSPICIOUS_MOVE = YES;
				CLANG_WARN_UNGUARDED_AVAILABILITY = YES_AGGRESSIVE;
				CLANG_WARN_UNREACHABLE_CODE = YES;
				CLANG_WARN__DUPLICATE_METHOD_MATCH = YES;
				COPY_PHASE_STRIP = NO;
				DEBUG_INFORMATION_FORMAT = "dwarf-with-dsym";
				ENABLE_NS_ASSERTIONS = NO;
				ENABLE_STRICT_OBJC_MSGSEND = YES;
				GCC_C_LANGUAGE_STANDARD = gnu11;
				GCC_NO_COMMON_BLOCKS = YES;
				GCC_WARN_64_TO_32_BIT_CONVERSION = YES;
				GCC_WARN_ABOUT_RETURN_TYPE = YES_ERROR;
				GCC_WARN_UNDECLARED_SELECTOR = YES;
				GCC_WARN_UNINITIALIZED_AUTOS = YES_AGGRESSIVE;
				GCC_WARN_UNUSED_FUNCTION = YES;
				GCC_WARN_UNUSED_VARIABLE = YES;
				IPHONEOS_DEPLOYMENT_TARGET = 13.0;
				MTL_ENABLE_DEBUG_INFO = NO;
				MTL_FAST_MATH = YES;
				SDKROOT = iphoneos;
				SWIFT_COMPILATION_MODE = wholemodule;
				SWIFT_OPTIMIZATION_LEVEL = "-O";
				VALIDATE_PRODUCT = YES;
			};
			name = Release;
		};
		FF36B2FF23490A90007AF6C9 /* Debug */ = {
			isa = XCBuildConfiguration;
			buildSettings = {
				ASSETCATALOG_COMPILER_APPICON_NAME = AppIcon;
				CODE_SIGN_STYLE = Automatic;
				DEVELOPMENT_TEAM = S86UCMU8YV;
				INFOPLIST_FILE = "Stack View/Info.plist";
				LD_RUNPATH_SEARCH_PATHS = (
					"$(inherited)",
					"@executable_path/Frameworks",
				);
				PRODUCT_BUNDLE_IDENTIFIER = "com.svmdev.Stack-View";
				PRODUCT_NAME = "$(TARGET_NAME)";
				SWIFT_VERSION = 5.0;
				TARGETED_DEVICE_FAMILY = "1,2";
			};
			name = Debug;
		};
		FF36B30023490A90007AF6C9 /* Release */ = {
			isa = XCBuildConfiguration;
			buildSettings = {
				ASSETCATALOG_COMPILER_APPICON_NAME = AppIcon;
				CODE_SIGN_STYLE = Automatic;
				DEVELOPMENT_TEAM = S86UCMU8YV;
				INFOPLIST_FILE = "Stack View/Info.plist";
				LD_RUNPATH_SEARCH_PATHS = (
					"$(inherited)",
					"@executable_path/Frameworks",
				);
				PRODUCT_BUNDLE_IDENTIFIER = "com.svmdev.Stack-View";
				PRODUCT_NAME = "$(TARGET_NAME)";
				SWIFT_VERSION = 5.0;
				TARGETED_DEVICE_FAMILY = "1,2";
			};
			name = Release;
		};
/* End XCBuildConfiguration section */

/* Begin XCConfigurationList section */
		FF36B2E523490A87007AF6C9 /* Build configuration list for PBXProject "Stack View" */ = {
			isa = XCConfigurationList;
			buildConfigurations = (
				FF36B2FC23490A90007AF6C9 /* Debug */,
				FF36B2FD23490A90007AF6C9 /* Release */,
			);
			defaultConfigurationIsVisible = 0;
			defaultConfigurationName = Release;
		};
		FF36B2FE23490A90007AF6C9 /* Build configuration list for PBXNativeTarget "Stack View" */ = {
			isa = XCConfigurationList;
			buildConfigurations = (
				FF36B2FF23490A90007AF6C9 /* Debug */,
				FF36B30023490A90007AF6C9 /* Release */,
			);
			defaultConfigurationIsVisible = 0;
			defaultConfigurationName = Release;
		};
/* End XCConfigurationList section */
	};
	rootObject = FF36B2E223490A87007AF6C9 /* Project object */;
}
