// !$*UTF8*$!
{
	archiveVersion = 1;
	classes = {
	};
	objectVersion = 50;
	objects = {

/* Begin PBXBuildFile section */
		FD8DAB3924241EFE00669171 /* AppDelegate.swift in Sources */ = {isa = PBXBuildFile; fileRef = FD8DAB3824241EFE00669171 /* AppDelegate.swift */; };
		FD8DAB3B24241EFE00669171 /* SceneDelegate.swift in Sources */ = {isa = PBXBuildFile; fileRef = FD8DAB3A24241EFE00669171 /* SceneDelegate.swift */; };
		FD8DAB4024241EFE00669171 /* Main.storyboard in Resources */ = {isa = PBXBuildFile; fileRef = FD8DAB3E24241EFE00669171 /* Main.storyboard */; };
		FD8DAB4224241EFF00669171 /* Assets.xcassets in Resources */ = {isa = PBXBuildFile; fileRef = FD8DAB4124241EFF00669171 /* Assets.xcassets */; };
		FD8DAB4524241EFF00669171 /* LaunchScreen.storyboard in Resources */ = {isa = PBXBuildFile; fileRef = FD8DAB4324241EFF00669171 /* LaunchScreen.storyboard */; };
		FD8DAB4D2424221A00669171 /* TarefasTableViewController.swift in Sources */ = {isa = PBXBuildFile; fileRef = FD8DAB4C2424221A00669171 /* TarefasTableViewController.swift */; };
		FD8DAB4F2424229200669171 /* CadastroTarefaViewController.swift in Sources */ = {isa = PBXBuildFile; fileRef = FD8DAB4E2424229200669171 /* CadastroTarefaViewController.swift */; };
		FD8DAB512424241D00669171 /* TarefaUserDefaults.swift in Sources */ = {isa = PBXBuildFile; fileRef = FD8DAB502424241D00669171 /* TarefaUserDefaults.swift */; };
/* End PBXBuildFile section */

/* Begin PBXFileReference section */
		FD8DAB3524241EFE00669171 /* Lista de Tarefas.app */ = {isa = PBXFileReference; explicitFileType = wrapper.application; includeInIndex = 0; path = "Lista de Tarefas.app"; sourceTree = BUILT_PRODUCTS_DIR; };
		FD8DAB3824241EFE00669171 /* AppDelegate.swift */ = {isa = PBXFileReference; lastKnownFileType = sourcecode.swift; path = AppDelegate.swift; sourceTree = "<group>"; };
		FD8DAB3A24241EFE00669171 /* SceneDelegate.swift */ = {isa = PBXFileReference; lastKnownFileType = sourcecode.swift; path = SceneDelegate.swift; sourceTree = "<group>"; };
		FD8DAB3F24241EFE00669171 /* Base */ = {isa = PBXFileReference; lastKnownFileType = file.storyboard; name = Base; path = Base.lproj/Main.storyboard; sourceTree = "<group>"; };
		FD8DAB4124241EFF00669171 /* Assets.xcassets */ = {isa = PBXFileReference; lastKnownFileType = folder.assetcatalog; path = Assets.xcassets; sourceTree = "<group>"; };
		FD8DAB4424241EFF00669171 /* Base */ = {isa = PBXFileReference; lastKnownFileType = file.storyboard; name = Base; path = Base.lproj/LaunchScreen.storyboard; sourceTree = "<group>"; };
		FD8DAB4624241EFF00669171 /* Info.plist */ = {isa = PBXFileReference; lastKnownFileType = text.plist.xml; path = Info.plist; sourceTree = "<group>"; };
		FD8DAB4C2424221A00669171 /* TarefasTableViewController.swift */ = {isa = PBXFileReference; lastKnownFileType = sourcecode.swift; path = TarefasTableViewController.swift; sourceTree = "<group>"; };
		FD8DAB4E2424229200669171 /* CadastroTarefaViewController.swift */ = {isa = PBXFileReference; lastKnownFileType = sourcecode.swift; path = CadastroTarefaViewController.swift; sourceTree = "<group>"; };
		FD8DAB502424241D00669171 /* TarefaUserDefaults.swift */ = {isa = PBXFileReference; lastKnownFileType = sourcecode.swift; path = TarefaUserDefaults.swift; sourceTree = "<group>"; };
/* End PBXFileReference section */

/* Begin PBXFrameworksBuildPhase section */
		FD8DAB3224241EFE00669171 /* Frameworks */ = {
			isa = PBXFrameworksBuildPhase;
			buildActionMask = 2147483647;
			files = (
			);
			runOnlyForDeploymentPostprocessing = 0;
		};
/* End PBXFrameworksBuildPhase section */

/* Begin PBXGroup section */
		FD8DAB2C24241EFE00669171 = {
			isa = PBXGroup;
			children = (
				FD8DAB3724241EFE00669171 /* Lista de Tarefas */,
				FD8DAB3624241EFE00669171 /* Products */,
			);
			sourceTree = "<group>";
		};
		FD8DAB3624241EFE00669171 /* Products */ = {
			isa = PBXGroup;
			children = (
				FD8DAB3524241EFE00669171 /* Lista de Tarefas.app */,
			);
			name = Products;
			sourceTree = "<group>";
		};
		FD8DAB3724241EFE00669171 /* Lista de Tarefas */ = {
			isa = PBXGroup;
			children = (
				FD8DAB3824241EFE00669171 /* AppDelegate.swift */,
				FD8DAB3A24241EFE00669171 /* SceneDelegate.swift */,
				FD8DAB3E24241EFE00669171 /* Main.storyboard */,
				FD8DAB4124241EFF00669171 /* Assets.xcassets */,
				FD8DAB4324241EFF00669171 /* LaunchScreen.storyboard */,
				FD8DAB4624241EFF00669171 /* Info.plist */,
				FD8DAB4C2424221A00669171 /* TarefasTableViewController.swift */,
				FD8DAB4E2424229200669171 /* CadastroTarefaViewController.swift */,
				FD8DAB502424241D00669171 /* TarefaUserDefaults.swift */,
			);
			path = "Lista de Tarefas";
			sourceTree = "<group>";
		};
/* End PBXGroup section */

/* Begin PBXNativeTarget section */
		FD8DAB3424241EFE00669171 /* Lista de Tarefas */ = {
			isa = PBXNativeTarget;
			buildConfigurationList = FD8DAB4924241F0000669171 /* Build configuration list for PBXNativeTarget "Lista de Tarefas" */;
			buildPhases = (
				FD8DAB3124241EFE00669171 /* Sources */,
				FD8DAB3224241EFE00669171 /* Frameworks */,
				FD8DAB3324241EFE00669171 /* Resources */,
			);
			buildRules = (
			);
			dependencies = (
			);
			name = "Lista de Tarefas";
			productName = "Lista de Tarefas";
			productReference = FD8DAB3524241EFE00669171 /* Lista de Tarefas.app */;
			productType = "com.apple.product-type.application";
		};
/* End PBXNativeTarget section */

/* Begin PBXProject section */
		FD8DAB2D24241EFE00669171 /* Project object */ = {
			isa = PBXProject;
			attributes = {
				LastSwiftUpdateCheck = 1110;
				LastUpgradeCheck = 1110;
				ORGANIZATIONNAME = "Savio Martins Valentim";
				TargetAttributes = {
					FD8DAB3424241EFE00669171 = {
						CreatedOnToolsVersion = 11.1;
					};
				};
			};
			buildConfigurationList = FD8DAB3024241EFE00669171 /* Build configuration list for PBXProject "Lista de Tarefas" */;
			compatibilityVersion = "Xcode 9.3";
			developmentRegion = en;
			hasScannedForEncodings = 0;
			knownRegions = (
				en,
				Base,
			);
			mainGroup = FD8DAB2C24241EFE00669171;
			productRefGroup = FD8DAB3624241EFE00669171 /* Products */;
			projectDirPath = "";
			projectRoot = "";
			targets = (
				FD8DAB3424241EFE00669171 /* Lista de Tarefas */,
			);
		};
/* End PBXProject section */

/* Begin PBXResourcesBuildPhase section */
		FD8DAB3324241EFE00669171 /* Resources */ = {
			isa = PBXResourcesBuildPhase;
			buildActionMask = 2147483647;
			files = (
				FD8DAB4524241EFF00669171 /* LaunchScreen.storyboard in Resources */,
				FD8DAB4224241EFF00669171 /* Assets.xcassets in Resources */,
				FD8DAB4024241EFE00669171 /* Main.storyboard in Resources */,
			);
			runOnlyForDeploymentPostprocessing = 0;
		};
/* End PBXResourcesBuildPhase section */

/* Begin PBXSourcesBuildPhase section */
		FD8DAB3124241EFE00669171 /* Sources */ = {
			isa = PBXSourcesBuildPhase;
			buildActionMask = 2147483647;
			files = (
				FD8DAB3924241EFE00669171 /* AppDelegate.swift in Sources */,
				FD8DAB4D2424221A00669171 /* TarefasTableViewController.swift in Sources */,
				FD8DAB512424241D00669171 /* TarefaUserDefaults.swift in Sources */,
				FD8DAB4F2424229200669171 /* CadastroTarefaViewController.swift in Sources */,
				FD8DAB3B24241EFE00669171 /* SceneDelegate.swift in Sources */,
			);
			runOnlyForDeploymentPostprocessing = 0;
		};
/* End PBXSourcesBuildPhase section */

/* Begin PBXVariantGroup section */
		FD8DAB3E24241EFE00669171 /* Main.storyboard */ = {
			isa = PBXVariantGroup;
			children = (
				FD8DAB3F24241EFE00669171 /* Base */,
			);
			name = Main.storyboard;
			sourceTree = "<group>";
		};
		FD8DAB4324241EFF00669171 /* LaunchScreen.storyboard */ = {
			isa = PBXVariantGroup;
			children = (
				FD8DAB4424241EFF00669171 /* Base */,
			);
			name = LaunchScreen.storyboard;
			sourceTree = "<group>";
		};
/* End PBXVariantGroup section */

/* Begin XCBuildConfiguration section */
		FD8DAB4724241EFF00669171 /* Debug */ = {
			isa = XCBuildConfiguration;
			buildSettings = {
				ALWAYS_SEARCH_USER_PATHS = NO;
				CLANG_ANALYZER_NONNULL = YES;
				CLANG_ANALYZER_NUMBER_OBJECT_CONVERSION = YES_AGGRESSIVE;
				CLANG_CXX_LANGUAGE_STANDARD = "gnu++14";
				CLANG_CXX_LIBRARY = "libc++";
				CLANG_ENABLE_MODULES = YES;
				CLANG_ENABLE_OBJC_ARC = YES;
				CLANG_ENABLE_OBJC_WEAK = YES;
				CLANG_WARN_BLOCK_CAPTURE_AUTORELEASING = YES;
				CLANG_WARN_BOOL_CONVERSION = YES;
				CLANG_WARN_COMMA = YES;
				CLANG_WARN_CONSTANT_CONVERSION = YES;
				CLANG_WARN_DEPRECATED_OBJC_IMPLEMENTATIONS = YES;
				CLANG_WARN_DIRECT_OBJC_ISA_USAGE = YES_ERROR;
				CLANG_WARN_DOCUMENTATION_COMMENTS = YES;
				CLANG_WARN_EMPTY_BODY = YES;
				CLANG_WARN_ENUM_CONVERSION = YES;
				CLANG_WARN_INFINITE_RECURSION = YES;
				CLANG_WARN_INT_CONVERSION = YES;
				CLANG_WARN_NON_LITERAL_NULL_CONVERSION = YES;
				CLANG_WARN_OBJC_IMPLICIT_RETAIN_SELF = YES;
				CLANG_WARN_OBJC_LITERAL_CONVERSION = YES;
				CLANG_WARN_OBJC_ROOT_CLASS = YES_ERROR;
				CLANG_WARN_RANGE_LOOP_ANALYSIS = YES;
				CLANG_WARN_STRICT_PROTOTYPES = YES;
				CLANG_WARN_SUSPICIOUS_MOVE = YES;
				CLANG_WARN_UNGUARDED_AVAILABILITY = YES_AGGRESSIVE;
				CLANG_WARN_UNREACHABLE_CODE = YES;
				CLANG_WARN__DUPLICATE_METHOD_MATCH = YES;
				COPY_PHASE_STRIP = NO;
				DEBUG_INFORMATION_FORMAT = dwarf;
				ENABLE_STRICT_OBJC_MSGSEND = YES;
				ENABLE_TESTABILITY = YES;
				GCC_C_LANGUAGE_STANDARD = gnu11;
				GCC_DYNAMIC_NO_PIC = NO;
				GCC_NO_COMMON_BLOCKS = YES;
				GCC_OPTIMIZATION_LEVEL = 0;
				GCC_PREPROCESSOR_DEFINITIONS = (
					"DEBUG=1",
					"$(inherited)",
				);
				GCC_WARN_64_TO_32_BIT_CONVERSION = YES;
				GCC_WARN_ABOUT_RETURN_TYPE = YES_ERROR;
				GCC_WARN_UNDECLARED_SELECTOR = YES;
				GCC_WARN_UNINITIALIZED_AUTOS = YES_AGGRESSIVE;
				GCC_WARN_UNUSED_FUNCTION = YES;
				GCC_WARN_UNUSED_VARIABLE = YES;
				IPHONEOS_DEPLOYMENT_TARGET = 13.1;
				MTL_ENABLE_DEBUG_INFO = INCLUDE_SOURCE;
				MTL_FAST_MATH = YES;
				ONLY_ACTIVE_ARCH = YES;
				SDKROOT = iphoneos;
				SWIFT_ACTIVE_COMPILATION_CONDITIONS = DEBUG;
				SWIFT_OPTIMIZATION_LEVEL = "-Onone";
			};
			name = Debug;
		};
		FD8DAB4824241EFF00669171 /* Release */ = {
			isa = XCBuildConfiguration;
			buildSettings = {
				ALWAYS_SEARCH_USER_PATHS = NO;
				CLANG_ANALYZER_NONNULL = YES;
				CLANG_ANALYZER_NUMBER_OBJECT_CONVERSION = YES_AGGRESSIVE;
				CLANG_CXX_LANGUAGE_STANDARD = "gnu++14";
				CLANG_CXX_LIBRARY = "libc++";
				CLANG_ENABLE_MODULES = YES;
				CLANG_ENABLE_OBJC_ARC = YES;
				CLANG_ENABLE_OBJC_WEAK = YES;
				CLANG_WARN_BLOCK_CAPTURE_AUTORELEASING = YES;
				CLANG_WARN_BOOL_CONVERSION = YES;
				CLANG_WARN_COMMA = YES;
				CLANG_WARN_CONSTANT_CONVERSION = YES;
				CLANG_WARN_DEPRECATED_OBJC_IMPLEMENTATIONS = YES;
				CLANG_WARN_DIRECT_OBJC_ISA_USAGE = YES_ERROR;
				CLANG_WARN_DOCUMENTATION_COMMENTS = YES;
				CLANG_WARN_EMPTY_BODY = YES;
				CLANG_WARN_ENUM_CONVERSION = YES;
				CLANG_WARN_INFINITE_RECURSION = YES;
				CLANG_WARN_INT_CONVERSION = YES;
				CLANG_WARN_NON_LITERAL_NULL_CONVERSION = YES;
				CLANG_WARN_OBJC_IMPLICIT_RETAIN_SELF = YES;
				CLANG_WARN_OBJC_LITERAL_CONVERSION = YES;
				CLANG_WARN_OBJC_ROOT_CLASS = YES_ERROR;
				CLANG_WARN_RANGE_LOOP_ANALYSIS = YES;
				CLANG_WARN_STRICT_PROTOTYPES = YES;
				CLANG_WARN_SUSPICIOUS_MOVE = YES;
				CLANG_WARN_UNGUARDED_AVAILABILITY = YES_AGGRESSIVE;
				CLANG_WARN_UNREACHABLE_CODE = YES;
				CLANG_WARN__DUPLICATE_METHOD_MATCH = YES;
				COPY_PHASE_STRIP = NO;
				DEBUG_INFORMATION_FORMAT = "dwarf-with-dsym";
				ENABLE_NS_ASSERTIONS = NO;
				ENABLE_STRICT_OBJC_MSGSEND = YES;
				GCC_C_LANGUAGE_STANDARD = gnu11;
				GCC_NO_COMMON_BLOCKS = YES;
				GCC_WARN_64_TO_32_BIT_CONVERSION = YES;
				GCC_WARN_ABOUT_RETURN_TYPE = YES_ERROR;
				GCC_WARN_UNDECLARED_SELECTOR = YES;
				GCC_WARN_UNINITIALIZED_AUTOS = YES_AGGRESSIVE;
				GCC_WARN_UNUSED_FUNCTION = YES;
				GCC_WARN_UNUSED_VARIABLE = YES;
				IPHONEOS_DEPLOYMENT_TARGET = 13.1;
				MTL_ENABLE_DEBUG_INFO = NO;
				MTL_FAST_MATH = YES;
				SDKROOT = iphoneos;
				SWIFT_COMPILATION_MODE = wholemodule;
				SWIFT_OPTIMIZATION_LEVEL = "-O";
				VALIDATE_PRODUCT = YES;
			};
			name = Release;
		};
		FD8DAB4A24241F0000669171 /* Debug */ = {
			isa = XCBuildConfiguration;
			buildSettings = {
				ASSETCATALOG_COMPILER_APPICON_NAME = AppIcon;
				CODE_SIGN_STYLE = Automatic;
				INFOPLIST_FILE = "Lista de Tarefas/Info.plist";
				LD_RUNPATH_SEARCH_PATHS = (
					"$(inherited)",
					"@executable_path/Frameworks",
				);
				PRODUCT_BUNDLE_IDENTIFIER = "SVM-Dev.Lista-de-Tarefas";
				PRODUCT_NAME = "$(TARGET_NAME)";
				SWIFT_VERSION = 5.0;
				TARGETED_DEVICE_FAMILY = "1,2";
			};
			name = Debug;
		};
		FD8DAB4B24241F0000669171 /* Release */ = {
			isa = XCBuildConfiguration;
			buildSettings = {
				ASSETCATALOG_COMPILER_APPICON_NAME = AppIcon;
				CODE_SIGN_STYLE = Automatic;
				INFOPLIST_FILE = "Lista de Tarefas/Info.plist";
				LD_RUNPATH_SEARCH_PATHS = (
					"$(inherited)",
					"@executable_path/Frameworks",
				);
				PRODUCT_BUNDLE_IDENTIFIER = "SVM-Dev.Lista-de-Tarefas";
				PRODUCT_NAME = "$(TARGET_NAME)";
				SWIFT_VERSION = 5.0;
				TARGETED_DEVICE_FAMILY = "1,2";
			};
			name = Release;
		};
/* End XCBuildConfiguration section */

/* Begin XCConfigurationList section */
		FD8DAB3024241EFE00669171 /* Build configuration list for PBXProject "Lista de Tarefas" */ = {
			isa = XCConfigurationList;
			buildConfigurations = (
				FD8DAB4724241EFF00669171 /* Debug */,
				FD8DAB4824241EFF00669171 /* Release */,
			);
			defaultConfigurationIsVisible = 0;
			defaultConfigurationName = Release;
		};
		FD8DAB4924241F0000669171 /* Build configuration list for PBXNativeTarget "Lista de Tarefas" */ = {
			isa = XCConfigurationList;
			buildConfigurations = (
				FD8DAB4A24241F0000669171 /* Debug */,
				FD8DAB4B24241F0000669171 /* Release */,
			);
			defaultConfigurationIsVisible = 0;
			defaultConfigurationName = Release;
		};
/* End XCConfigurationList section */
	};
	rootObject = FD8DAB2D24241EFE00669171 /* Project object */;
}
