// !$*UTF8*$!
{
	archiveVersion = 1;
	classes = {
	};
	objectVersion = 50;
	objects = {

/* Begin PBXBuildFile section */
		FF80C78D22EE3ACD000E3D85 /* AppDelegate.swift in Sources */ = {isa = PBXBuildFile; fileRef = FF80C78C22EE3ACD000E3D85 /* AppDelegate.swift */; };
		FF80C78F22EE3ACD000E3D85 /* ViewController.swift in Sources */ = {isa = PBXBuildFile; fileRef = FF80C78E22EE3ACD000E3D85 /* ViewController.swift */; };
		FF80C79222EE3ACD000E3D85 /* Main.storyboard in Resources */ = {isa = PBXBuildFile; fileRef = FF80C79022EE3ACD000E3D85 /* Main.storyboard */; };
		FF80C79422EE3ACE000E3D85 /* Assets.xcassets in Resources */ = {isa = PBXBuildFile; fileRef = FF80C79322EE3ACE000E3D85 /* Assets.xcassets */; };
		FF80C79722EE3ACE000E3D85 /* LaunchScreen.storyboard in Resources */ = {isa = PBXBuildFile; fileRef = FF80C79522EE3ACE000E3D85 /* LaunchScreen.storyboard */; };
/* End PBXBuildFile section */

/* Begin PBXFileReference section */
		FF80C78922EE3ACD000E3D85 /* Frases do Dia.app */ = {isa = PBXFileReference; explicitFileType = wrapper.application; includeInIndex = 0; path = "Frases do Dia.app"; sourceTree = BUILT_PRODUCTS_DIR; };
		FF80C78C22EE3ACD000E3D85 /* AppDelegate.swift */ = {isa = PBXFileReference; lastKnownFileType = sourcecode.swift; path = AppDelegate.swift; sourceTree = "<group>"; };
		FF80C78E22EE3ACD000E3D85 /* ViewController.swift */ = {isa = PBXFileReference; lastKnownFileType = sourcecode.swift; path = ViewController.swift; sourceTree = "<group>"; };
		FF80C79122EE3ACD000E3D85 /* Base */ = {isa = PBXFileReference; lastKnownFileType = file.storyboard; name = Base; path = Base.lproj/Main.storyboard; sourceTree = "<group>"; };
		FF80C79322EE3ACE000E3D85 /* Assets.xcassets */ = {isa = PBXFileReference; lastKnownFileType = folder.assetcatalog; path = Assets.xcassets; sourceTree = "<group>"; };
		FF80C79622EE3ACE000E3D85 /* Base */ = {isa = PBXFileReference; lastKnownFileType = file.storyboard; name = Base; path = Base.lproj/LaunchScreen.storyboard; sourceTree = "<group>"; };
		FF80C79822EE3ACE000E3D85 /* Info.plist */ = {isa = PBXFileReference; lastKnownFileType = text.plist.xml; path = Info.plist; sourceTree = "<group>"; };
/* End PBXFileReference section */

/* Begin PBXFrameworksBuildPhase section */
		FF80C78622EE3ACD000E3D85 /* Frameworks */ = {
			isa = PBXFrameworksBuildPhase;
			buildActionMask = 2147483647;
			files = (
			);
			runOnlyForDeploymentPostprocessing = 0;
		};
/* End PBXFrameworksBuildPhase section */

/* Begin PBXGroup section */
		FF80C78022EE3ACD000E3D85 = {
			isa = PBXGroup;
			children = (
				FF80C78B22EE3ACD000E3D85 /* Frases do Dia */,
				FF80C78A22EE3ACD000E3D85 /* Products */,
			);
			sourceTree = "<group>";
		};
		FF80C78A22EE3ACD000E3D85 /* Products */ = {
			isa = PBXGroup;
			children = (
				FF80C78922EE3ACD000E3D85 /* Frases do Dia.app */,
			);
			name = Products;
			sourceTree = "<group>";
		};
		FF80C78B22EE3ACD000E3D85 /* Frases do Dia */ = {
			isa = PBXGroup;
			children = (
				FF80C78C22EE3ACD000E3D85 /* AppDelegate.swift */,
				FF80C78E22EE3ACD000E3D85 /* ViewController.swift */,
				FF80C79022EE3ACD000E3D85 /* Main.storyboard */,
				FF80C79322EE3ACE000E3D85 /* Assets.xcassets */,
				FF80C79522EE3ACE000E3D85 /* LaunchScreen.storyboard */,
				FF80C79822EE3ACE000E3D85 /* Info.plist */,
			);
			path = "Frases do Dia";
			sourceTree = "<group>";
		};
/* End PBXGroup section */

/* Begin PBXNativeTarget section */
		FF80C78822EE3ACD000E3D85 /* Frases do Dia */ = {
			isa = PBXNativeTarget;
			buildConfigurationList = FF80C79B22EE3ACE000E3D85 /* Build configuration list for PBXNativeTarget "Frases do Dia" */;
			buildPhases = (
				FF80C78522EE3ACD000E3D85 /* Sources */,
				FF80C78622EE3ACD000E3D85 /* Frameworks */,
				FF80C78722EE3ACD000E3D85 /* Resources */,
			);
			buildRules = (
			);
			dependencies = (
			);
			name = "Frases do Dia";
			productName = "Frases do Dia";
			productReference = FF80C78922EE3ACD000E3D85 /* Frases do Dia.app */;
			productType = "com.apple.product-type.application";
		};
/* End PBXNativeTarget section */

/* Begin PBXProject section */
		FF80C78122EE3ACD000E3D85 /* Project object */ = {
			isa = PBXProject;
			attributes = {
				LastSwiftUpdateCheck = 1030;
				LastUpgradeCheck = 1030;
				ORGANIZATIONNAME = "SVM Dev";
				TargetAttributes = {
					FF80C78822EE3ACD000E3D85 = {
						CreatedOnToolsVersion = 10.3;
					};
				};
			};
			buildConfigurationList = FF80C78422EE3ACD000E3D85 /* Build configuration list for PBXProject "Frases do Dia" */;
			compatibilityVersion = "Xcode 9.3";
			developmentRegion = en;
			hasScannedForEncodings = 0;
			knownRegions = (
				en,
				Base,
			);
			mainGroup = FF80C78022EE3ACD000E3D85;
			productRefGroup = FF80C78A22EE3ACD000E3D85 /* Products */;
			projectDirPath = "";
			projectRoot = "";
			targets = (
				FF80C78822EE3ACD000E3D85 /* Frases do Dia */,
			);
		};
/* End PBXProject section */

/* Begin PBXResourcesBuildPhase section */
		FF80C78722EE3ACD000E3D85 /* Resources */ = {
			isa = PBXResourcesBuildPhase;
			buildActionMask = 2147483647;
			files = (
				FF80C79722EE3ACE000E3D85 /* LaunchScreen.storyboard in Resources */,
				FF80C79422EE3ACE000E3D85 /* Assets.xcassets in Resources */,
				FF80C79222EE3ACD000E3D85 /* Main.storyboard in Resources */,
			);
			runOnlyForDeploymentPostprocessing = 0;
		};
/* End PBXResourcesBuildPhase section */

/* Begin PBXSourcesBuildPhase section */
		FF80C78522EE3ACD000E3D85 /* Sources */ = {
			isa = PBXSourcesBuildPhase;
			buildActionMask = 2147483647;
			files = (
				FF80C78F22EE3ACD000E3D85 /* ViewController.swift in Sources */,
				FF80C78D22EE3ACD000E3D85 /* AppDelegate.swift in Sources */,
			);
			runOnlyForDeploymentPostprocessing = 0;
		};
/* End PBXSourcesBuildPhase section */

/* Begin PBXVariantGroup section */
		FF80C79022EE3ACD000E3D85 /* Main.storyboard */ = {
			isa = PBXVariantGroup;
			children = (
				FF80C79122EE3ACD000E3D85 /* Base */,
			);
			name = Main.storyboard;
			sourceTree = "<group>";
		};
		FF80C79522EE3ACE000E3D85 /* LaunchScreen.storyboard */ = {
			isa = PBXVariantGroup;
			children = (
				FF80C79622EE3ACE000E3D85 /* Base */,
			);
			name = LaunchScreen.storyboard;
			sourceTree = "<group>";
		};
/* End PBXVariantGroup section */

/* Begin XCBuildConfiguration section */
		FF80C79922EE3ACE000E3D85 /* Debug */ = {
			isa = XCBuildConfiguration;
			buildSettings = {
				ALWAYS_SEARCH_USER_PATHS = NO;
				CLANG_ANALYZER_NONNULL = YES;
				CLANG_ANALYZER_NUMBER_OBJECT_CONVERSION = YES_AGGRESSIVE;
				CLANG_CXX_LANGUAGE_STANDARD = "gnu++14";
				CLANG_CXX_LIBRARY = "libc++";
				CLANG_ENABLE_MODULES = YES;
				CLANG_ENABLE_OBJC_ARC = YES;
				CLANG_ENABLE_OBJC_WEAK = YES;
				CLANG_WARN_BLOCK_CAPTURE_AUTORELEASING = YES;
				CLANG_WARN_BOOL_CONVERSION = YES;
				CLANG_WARN_COMMA = YES;
				CLANG_WARN_CONSTANT_CONVERSION = YES;
				CLANG_WARN_DEPRECATED_OBJC_IMPLEMENTATIONS = YES;
				CLANG_WARN_DIRECT_OBJC_ISA_USAGE = YES_ERROR;
				CLANG_WARN_DOCUMENTATION_COMMENTS = YES;
				CLANG_WARN_EMPTY_BODY = YES;
				CLANG_WARN_ENUM_CONVERSION = YES;
				CLANG_WARN_INFINITE_RECURSION = YES;
				CLANG_WARN_INT_CONVERSION = YES;
				CLANG_WARN_NON_LITERAL_NULL_CONVERSION = YES;
				CLANG_WARN_OBJC_IMPLICIT_RETAIN_SELF = YES;
				CLANG_WARN_OBJC_LITERAL_CONVERSION = YES;
				CLANG_WARN_OBJC_ROOT_CLASS = YES_ERROR;
				CLANG_WARN_RANGE_LOOP_ANALYSIS = YES;
				CLANG_WARN_STRICT_PROTOTYPES = YES;
				CLANG_WARN_SUSPICIOUS_MOVE = YES;
				CLANG_WARN_UNGUARDED_AVAILABILITY = YES_AGGRESSIVE;
				CLANG_WARN_UNREACHABLE_CODE = YES;
				CLANG_WARN__DUPLICATE_METHOD_MATCH = YES;
				CODE_SIGN_IDENTITY = "iPhone Developer";
				COPY_PHASE_STRIP = NO;
				DEBUG_INFORMATION_FORMAT = dwarf;
				ENABLE_STRICT_OBJC_MSGSEND = YES;
				ENABLE_TESTABILITY = YES;
				GCC_C_LANGUAGE_STANDARD = gnu11;
				GCC_DYNAMIC_NO_PIC = NO;
				GCC_NO_COMMON_BLOCKS = YES;
				GCC_OPTIMIZATION_LEVEL = 0;
				GCC_PREPROCESSOR_DEFINITIONS = (
					"DEBUG=1",
					"$(inherited)",
				);
				GCC_WARN_64_TO_32_BIT_CONVERSION = YES;
				GCC_WARN_ABOUT_RETURN_TYPE = YES_ERROR;
				GCC_WARN_UNDECLARED_SELECTOR = YES;
				GCC_WARN_UNINITIALIZED_AUTOS = YES_AGGRESSIVE;
				GCC_WARN_UNUSED_FUNCTION = YES;
				GCC_WARN_UNUSED_VARIABLE = YES;
				IPHONEOS_DEPLOYMENT_TARGET = 12.4;
				MTL_ENABLE_DEBUG_INFO = INCLUDE_SOURCE;
				MTL_FAST_MATH = YES;
				ONLY_ACTIVE_ARCH = YES;
				SDKROOT = iphoneos;
				SWIFT_ACTIVE_COMPILATION_CONDITIONS = DEBUG;
				SWIFT_OPTIMIZATION_LEVEL = "-Onone";
			};
			name = Debug;
		};
		FF80C79A22EE3ACE000E3D85 /* Release */ = {
			isa = XCBuildConfiguration;
			buildSettings = {
				ALWAYS_SEARCH_USER_PATHS = NO;
				CLANG_ANALYZER_NONNULL = YES;
				CLANG_ANALYZER_NUMBER_OBJECT_CONVERSION = YES_AGGRESSIVE;
				CLANG_CXX_LANGUAGE_STANDARD = "gnu++14";
				CLANG_CXX_LIBRARY = "libc++";
				CLANG_ENABLE_MODULES = YES;
				CLANG_ENABLE_OBJC_ARC = YES;
				CLANG_ENABLE_OBJC_WEAK = YES;
				CLANG_WARN_BLOCK_CAPTURE_AUTORELEASING = YES;
				CLANG_WARN_BOOL_CONVERSION = YES;
				CLANG_WARN_COMMA = YES;
				CLANG_WARN_CONSTANT_CONVERSION = YES;
				CLANG_WARN_DEPRECATED_OBJC_IMPLEMENTATIONS = YES;
				CLANG_WARN_DIRECT_OBJC_ISA_USAGE = YES_ERROR;
				CLANG_WARN_DOCUMENTATION_COMMENTS = YES;
				CLANG_WARN_EMPTY_BODY = YES;
				CLANG_WARN_ENUM_CONVERSION = YES;
				CLANG_WARN_INFINITE_RECURSION = YES;
				CLANG_WARN_INT_CONVERSION = YES;
				CLANG_WARN_NON_LITERAL_NULL_CONVERSION = YES;
				CLANG_WARN_OBJC_IMPLICIT_RETAIN_SELF = YES;
				CLANG_WARN_OBJC_LITERAL_CONVERSION = YES;
				CLANG_WARN_OBJC_ROOT_CLASS = YES_ERROR;
				CLANG_WARN_RANGE_LOOP_ANALYSIS = YES;
				CLANG_WARN_STRICT_PROTOTYPES = YES;
				CLANG_WARN_SUSPICIOUS_MOVE = YES;
				CLANG_WARN_UNGUARDED_AVAILABILITY = YES_AGGRESSIVE;
				CLANG_WARN_UNREACHABLE_CODE = YES;
				CLANG_WARN__DUPLICATE_METHOD_MATCH = YES;
				CODE_SIGN_IDENTITY = "iPhone Developer";
				COPY_PHASE_STRIP = NO;
				DEBUG_INFORMATION_FORMAT = "dwarf-with-dsym";
				ENABLE_NS_ASSERTIONS = NO;
				ENABLE_STRICT_OBJC_MSGSEND = YES;
				GCC_C_LANGUAGE_STANDARD = gnu11;
				GCC_NO_COMMON_BLOCKS = YES;
				GCC_WARN_64_TO_32_BIT_CONVERSION = YES;
				GCC_WARN_ABOUT_RETURN_TYPE = YES_ERROR;
				GCC_WARN_UNDECLARED_SELECTOR = YES;
				GCC_WARN_UNINITIALIZED_AUTOS = YES_AGGRESSIVE;
				GCC_WARN_UNUSED_FUNCTION = YES;
				GCC_WARN_UNUSED_VARIABLE = YES;
				IPHONEOS_DEPLOYMENT_TARGET = 12.4;
				MTL_ENABLE_DEBUG_INFO = NO;
				MTL_FAST_MATH = YES;
				SDKROOT = iphoneos;
				SWIFT_COMPILATION_MODE = wholemodule;
				SWIFT_OPTIMIZATION_LEVEL = "-O";
				VALIDATE_PRODUCT = YES;
			};
			name = Release;
		};
		FF80C79C22EE3ACE000E3D85 /* Debug */ = {
			isa = XCBuildConfiguration;
			buildSettings = {
				ASSETCATALOG_COMPILER_APPICON_NAME = AppIcon;
				CODE_SIGN_STYLE = Automatic;
				DEVELOPMENT_TEAM = S86UCMU8YV;
				INFOPLIST_FILE = "Frases do Dia/Info.plist";
				LD_RUNPATH_SEARCH_PATHS = (
					"$(inherited)",
					"@executable_path/Frameworks",
				);
				PRODUCT_BUNDLE_IDENTIFIER = "com.svmdev.Frases-do-Dia";
				PRODUCT_NAME = "$(TARGET_NAME)";
				SWIFT_VERSION = 5.0;
				TARGETED_DEVICE_FAMILY = "1,2";
			};
			name = Debug;
		};
		FF80C79D22EE3ACE000E3D85 /* Release */ = {
			isa = XCBuildConfiguration;
			buildSettings = {
				ASSETCATALOG_COMPILER_APPICON_NAME = AppIcon;
				CODE_SIGN_STYLE = Automatic;
				DEVELOPMENT_TEAM = S86UCMU8YV;
				INFOPLIST_FILE = "Frases do Dia/Info.plist";
				LD_RUNPATH_SEARCH_PATHS = (
					"$(inherited)",
					"@executable_path/Frameworks",
				);
				PRODUCT_BUNDLE_IDENTIFIER = "com.svmdev.Frases-do-Dia";
				PRODUCT_NAME = "$(TARGET_NAME)";
				SWIFT_VERSION = 5.0;
				TARGETED_DEVICE_FAMILY = "1,2";
			};
			name = Release;
		};
/* End XCBuildConfiguration section */

/* Begin XCConfigurationList section */
		FF80C78422EE3ACD000E3D85 /* Build configuration list for PBXProject "Frases do Dia" */ = {
			isa = XCConfigurationList;
			buildConfigurations = (
				FF80C79922EE3ACE000E3D85 /* Debug */,
				FF80C79A22EE3ACE000E3D85 /* Release */,
			);
			defaultConfigurationIsVisible = 0;
			defaultConfigurationName = Release;
		};
		FF80C79B22EE3ACE000E3D85 /* Build configuration list for PBXNativeTarget "Frases do Dia" */ = {
			isa = XCConfigurationList;
			buildConfigurations = (
				FF80C79C22EE3ACE000E3D85 /* Debug */,
				FF80C79D22EE3ACE000E3D85 /* Release */,
			);
			defaultConfigurationIsVisible = 0;
			defaultConfigurationName = Release;
		};
/* End XCConfigurationList section */
	};
	rootObject = FF80C78122EE3ACD000E3D85 /* Project object */;
}
