// !$*UTF8*$!
{
	archiveVersion = 1;
	classes = {
	};
	objectVersion = 51;
	objects = {

/* Begin PBXBuildFile section */
		FF240F39231F4B7000C6A14B /* Movie.swift in Sources */ = {isa = PBXBuildFile; fileRef = FF240F38231F4B7000C6A14B /* Movie.swift */; };
		FF240F3B231F4BF800C6A14B /* Genre.swift in Sources */ = {isa = PBXBuildFile; fileRef = FF240F3A231F4BF800C6A14B /* Genre.swift */; };
		FF240F3D231F4C3600C6A14B /* Cast.swift in Sources */ = {isa = PBXBuildFile; fileRef = FF240F3C231F4C3600C6A14B /* Cast.swift */; };
		FF240F3F231F4D1500C6A14B /* MovieDetail.swift in Sources */ = {isa = PBXBuildFile; fileRef = FF240F3E231F4D1500C6A14B /* MovieDetail.swift */; };
		FF824C54230869CF0003D2B9 /* AppDelegate.swift in Sources */ = {isa = PBXBuildFile; fileRef = FF824C53230869CF0003D2B9 /* AppDelegate.swift */; };
		FF824C56230869CF0003D2B9 /* ViewController.swift in Sources */ = {isa = PBXBuildFile; fileRef = FF824C55230869CF0003D2B9 /* ViewController.swift */; };
		FF824C59230869CF0003D2B9 /* Main.storyboard in Resources */ = {isa = PBXBuildFile; fileRef = FF824C57230869CF0003D2B9 /* Main.storyboard */; };
		FF824C5B230869D30003D2B9 /* Assets.xcassets in Resources */ = {isa = PBXBuildFile; fileRef = FF824C5A230869D30003D2B9 /* Assets.xcassets */; };
		FF824C5E230869D30003D2B9 /* LaunchScreen.storyboard in Resources */ = {isa = PBXBuildFile; fileRef = FF824C5C230869D30003D2B9 /* LaunchScreen.storyboard */; };
/* End PBXBuildFile section */

/* Begin PBXFileReference section */
		FF240F38231F4B7000C6A14B /* Movie.swift */ = {isa = PBXFileReference; lastKnownFileType = sourcecode.swift; path = Movie.swift; sourceTree = "<group>"; };
		FF240F3A231F4BF800C6A14B /* Genre.swift */ = {isa = PBXFileReference; lastKnownFileType = sourcecode.swift; path = Genre.swift; sourceTree = "<group>"; };
		FF240F3C231F4C3600C6A14B /* Cast.swift */ = {isa = PBXFileReference; lastKnownFileType = sourcecode.swift; path = Cast.swift; sourceTree = "<group>"; };
		FF240F3E231F4D1500C6A14B /* MovieDetail.swift */ = {isa = PBXFileReference; lastKnownFileType = sourcecode.swift; path = MovieDetail.swift; sourceTree = "<group>"; };
		FF824C50230869CF0003D2B9 /* AppMovies.app */ = {isa = PBXFileReference; explicitFileType = wrapper.application; includeInIndex = 0; path = AppMovies.app; sourceTree = BUILT_PRODUCTS_DIR; };
		FF824C53230869CF0003D2B9 /* AppDelegate.swift */ = {isa = PBXFileReference; lastKnownFileType = sourcecode.swift; path = AppDelegate.swift; sourceTree = "<group>"; };
		FF824C55230869CF0003D2B9 /* ViewController.swift */ = {isa = PBXFileReference; lastKnownFileType = sourcecode.swift; path = ViewController.swift; sourceTree = "<group>"; };
		FF824C58230869CF0003D2B9 /* Base */ = {isa = PBXFileReference; lastKnownFileType = file.storyboard; name = Base; path = Base.lproj/Main.storyboard; sourceTree = "<group>"; };
		FF824C5A230869D30003D2B9 /* Assets.xcassets */ = {isa = PBXFileReference; lastKnownFileType = folder.assetcatalog; path = Assets.xcassets; sourceTree = "<group>"; };
		FF824C5D230869D30003D2B9 /* Base */ = {isa = PBXFileReference; lastKnownFileType = file.storyboard; name = Base; path = Base.lproj/LaunchScreen.storyboard; sourceTree = "<group>"; };
		FF824C5F230869D30003D2B9 /* Info.plist */ = {isa = PBXFileReference; lastKnownFileType = text.plist.xml; path = Info.plist; sourceTree = "<group>"; };
/* End PBXFileReference section */

/* Begin PBXFrameworksBuildPhase section */
		FF824C4D230869CF0003D2B9 /* Frameworks */ = {
			isa = PBXFrameworksBuildPhase;
			buildActionMask = 2147483647;
			files = (
			);
			runOnlyForDeploymentPostprocessing = 0;
		};
/* End PBXFrameworksBuildPhase section */

/* Begin PBXGroup section */
		17A06770FE31CEA2C3D84EC5 /* Frameworks */ = {
			isa = PBXGroup;
			children = (
			);
			name = Frameworks;
			sourceTree = "<group>";
		};
		B0E82C30C550E90698F2F102 /* Pods */ = {
			isa = PBXGroup;
			children = (
			);
			path = Pods;
			sourceTree = "<group>";
		};
		FF240F37231F498200C6A14B /* Help */ = {
			isa = PBXGroup;
			children = (
			);
			path = Help;
			sourceTree = "<group>";
		};
		FF824C47230869CF0003D2B9 = {
			isa = PBXGroup;
			children = (
				FF824C52230869CF0003D2B9 /* AppMovies */,
				FF824C51230869CF0003D2B9 /* Products */,
				B0E82C30C550E90698F2F102 /* Pods */,
				17A06770FE31CEA2C3D84EC5 /* Frameworks */,
			);
			sourceTree = "<group>";
		};
		FF824C51230869CF0003D2B9 /* Products */ = {
			isa = PBXGroup;
			children = (
				FF824C50230869CF0003D2B9 /* AppMovies.app */,
			);
			name = Products;
			sourceTree = "<group>";
		};
		FF824C52230869CF0003D2B9 /* AppMovies */ = {
			isa = PBXGroup;
			children = (
				FF240F37231F498200C6A14B /* Help */,
				FF824C6823088D3B0003D2B9 /* WebService */,
				FF824C6623088D040003D2B9 /* View */,
				FF824C6523088C160003D2B9 /* Model */,
				FF824C53230869CF0003D2B9 /* AppDelegate.swift */,
				FF824C55230869CF0003D2B9 /* ViewController.swift */,
				FF824C57230869CF0003D2B9 /* Main.storyboard */,
				FF824C5A230869D30003D2B9 /* Assets.xcassets */,
				FF824C5C230869D30003D2B9 /* LaunchScreen.storyboard */,
				FF824C5F230869D30003D2B9 /* Info.plist */,
			);
			path = AppMovies;
			sourceTree = "<group>";
		};
		FF824C6523088C160003D2B9 /* Model */ = {
			isa = PBXGroup;
			children = (
				FF240F38231F4B7000C6A14B /* Movie.swift */,
				FF240F3A231F4BF800C6A14B /* Genre.swift */,
				FF240F3C231F4C3600C6A14B /* Cast.swift */,
				FF240F3E231F4D1500C6A14B /* MovieDetail.swift */,
			);
			path = Model;
			sourceTree = "<group>";
		};
		FF824C6623088D040003D2B9 /* View */ = {
			isa = PBXGroup;
			children = (
			);
			path = View;
			sourceTree = "<group>";
		};
		FF824C6823088D3B0003D2B9 /* WebService */ = {
			isa = PBXGroup;
			children = (
			);
			path = WebService;
			sourceTree = "<group>";
		};
/* End PBXGroup section */

/* Begin PBXNativeTarget section */
		FF824C4F230869CF0003D2B9 /* AppMovies */ = {
			isa = PBXNativeTarget;
			buildConfigurationList = FF824C62230869D30003D2B9 /* Build configuration list for PBXNativeTarget "AppMovies" */;
			buildPhases = (
				995EC8F7A529F827E6DB9065 /* [CP] Check Pods Manifest.lock */,
				FF824C4C230869CF0003D2B9 /* Sources */,
				FF824C4D230869CF0003D2B9 /* Frameworks */,
				FF824C4E230869CF0003D2B9 /* Resources */,
				93C4636BCC9B6680864A990B /* [CP] Embed Pods Frameworks */,
			);
			buildRules = (
			);
			dependencies = (
			);
			name = AppMovies;
			productName = AppMovies;
			productReference = FF824C50230869CF0003D2B9 /* AppMovies.app */;
			productType = "com.apple.product-type.application";
		};
/* End PBXNativeTarget section */

/* Begin PBXProject section */
		FF824C48230869CF0003D2B9 /* Project object */ = {
			isa = PBXProject;
			attributes = {
				LastSwiftUpdateCheck = 1030;
				LastUpgradeCheck = 1030;
				ORGANIZATIONNAME = "SVM Dev";
				TargetAttributes = {
					FF824C4F230869CF0003D2B9 = {
						CreatedOnToolsVersion = 10.3;
					};
				};
			};
			buildConfigurationList = FF824C4B230869CF0003D2B9 /* Build configuration list for PBXProject "AppMovies" */;
			compatibilityVersion = "Xcode 9.3";
			developmentRegion = en;
			hasScannedForEncodings = 0;
			knownRegions = (
				en,
				Base,
			);
			mainGroup = FF824C47230869CF0003D2B9;
			productRefGroup = FF824C51230869CF0003D2B9 /* Products */;
			projectDirPath = "";
			projectRoot = "";
			targets = (
				FF824C4F230869CF0003D2B9 /* AppMovies */,
			);
		};
/* End PBXProject section */

/* Begin PBXResourcesBuildPhase section */
		FF824C4E230869CF0003D2B9 /* Resources */ = {
			isa = PBXResourcesBuildPhase;
			buildActionMask = 2147483647;
			files = (
				FF824C5E230869D30003D2B9 /* LaunchScreen.storyboard in Resources */,
				FF824C5B230869D30003D2B9 /* Assets.xcassets in Resources */,
				FF824C59230869CF0003D2B9 /* Main.storyboard in Resources */,
			);
			runOnlyForDeploymentPostprocessing = 0;
		};
/* End PBXResourcesBuildPhase section */

/* Begin PBXShellScriptBuildPhase section */
		93C4636BCC9B6680864A990B /* [CP] Embed Pods Frameworks */ = {
			isa = PBXShellScriptBuildPhase;
			buildActionMask = 2147483647;
			files = (
			);
			inputFileListPaths = (
				"${PODS_ROOT}/Target Support Files/Pods-AppMovies/Pods-AppMovies-frameworks-${CONFIGURATION}-input-files.xcfilelist",
			);
			name = "[CP] Embed Pods Frameworks";
			outputFileListPaths = (
				"${PODS_ROOT}/Target Support Files/Pods-AppMovies/Pods-AppMovies-frameworks-${CONFIGURATION}-output-files.xcfilelist",
			);
			runOnlyForDeploymentPostprocessing = 0;
			shellPath = /bin/sh;
			shellScript = "\"${PODS_ROOT}/Target Support Files/Pods-AppMovies/Pods-AppMovies-frameworks.sh\"\n";
			showEnvVarsInLog = 0;
		};
		995EC8F7A529F827E6DB9065 /* [CP] Check Pods Manifest.lock */ = {
			isa = PBXShellScriptBuildPhase;
			buildActionMask = 2147483647;
			files = (
			);
			inputFileListPaths = (
			);
			inputPaths = (
				"${PODS_PODFILE_DIR_PATH}/Podfile.lock",
				"${PODS_ROOT}/Manifest.lock",
			);
			name = "[CP] Check Pods Manifest.lock";
			outputFileListPaths = (
			);
			outputPaths = (
				"$(DERIVED_FILE_DIR)/Pods-AppMovies-checkManifestLockResult.txt",
			);
			runOnlyForDeploymentPostprocessing = 0;
			shellPath = /bin/sh;
			shellScript = "diff \"${PODS_PODFILE_DIR_PATH}/Podfile.lock\" \"${PODS_ROOT}/Manifest.lock\" > /dev/null\nif [ $? != 0 ] ; then\n    # print error to STDERR\n    echo \"error: The sandbox is not in sync with the Podfile.lock. Run 'pod install' or update your CocoaPods installation.\" >&2\n    exit 1\nfi\n# This output is used by Xcode 'outputs' to avoid re-running this script phase.\necho \"SUCCESS\" > \"${SCRIPT_OUTPUT_FILE_0}\"\n";
			showEnvVarsInLog = 0;
		};
/* End PBXShellScriptBuildPhase section */

/* Begin PBXSourcesBuildPhase section */
		FF824C4C230869CF0003D2B9 /* Sources */ = {
			isa = PBXSourcesBuildPhase;
			buildActionMask = 2147483647;
			files = (
				FF240F3F231F4D1500C6A14B /* MovieDetail.swift in Sources */,
				FF824C56230869CF0003D2B9 /* ViewController.swift in Sources */,
				FF240F39231F4B7000C6A14B /* Movie.swift in Sources */,
				FF824C54230869CF0003D2B9 /* AppDelegate.swift in Sources */,
				FF240F3D231F4C3600C6A14B /* Cast.swift in Sources */,
				FF240F3B231F4BF800C6A14B /* Genre.swift in Sources */,
			);
			runOnlyForDeploymentPostprocessing = 0;
		};
/* End PBXSourcesBuildPhase section */

/* Begin PBXVariantGroup section */
		FF824C57230869CF0003D2B9 /* Main.storyboard */ = {
			isa = PBXVariantGroup;
			children = (
				FF824C58230869CF0003D2B9 /* Base */,
			);
			name = Main.storyboard;
			sourceTree = "<group>";
		};
		FF824C5C230869D30003D2B9 /* LaunchScreen.storyboard */ = {
			isa = PBXVariantGroup;
			children = (
				FF824C5D230869D30003D2B9 /* Base */,
			);
			name = LaunchScreen.storyboard;
			sourceTree = "<group>";
		};
/* End PBXVariantGroup section */

/* Begin XCBuildConfiguration section */
		FF824C60230869D30003D2B9 /* Debug */ = {
			isa = XCBuildConfiguration;
			buildSettings = {
				ALWAYS_SEARCH_USER_PATHS = NO;
				CLANG_ANALYZER_NONNULL = YES;
				CLANG_ANALYZER_NUMBER_OBJECT_CONVERSION = YES_AGGRESSIVE;
				CLANG_CXX_LANGUAGE_STANDARD = "gnu++14";
				CLANG_CXX_LIBRARY = "libc++";
				CLANG_ENABLE_MODULES = YES;
				CLANG_ENABLE_OBJC_ARC = YES;
				CLANG_ENABLE_OBJC_WEAK = YES;
				CLANG_WARN_BLOCK_CAPTURE_AUTORELEASING = YES;
				CLANG_WARN_BOOL_CONVERSION = YES;
				CLANG_WARN_COMMA = YES;
				CLANG_WARN_CONSTANT_CONVERSION = YES;
				CLANG_WARN_DEPRECATED_OBJC_IMPLEMENTATIONS = YES;
				CLANG_WARN_DIRECT_OBJC_ISA_USAGE = YES_ERROR;
				CLANG_WARN_DOCUMENTATION_COMMENTS = YES;
				CLANG_WARN_EMPTY_BODY = YES;
				CLANG_WARN_ENUM_CONVERSION = YES;
				CLANG_WARN_INFINITE_RECURSION = YES;
				CLANG_WARN_INT_CONVERSION = YES;
				CLANG_WARN_NON_LITERAL_NULL_CONVERSION = YES;
				CLANG_WARN_OBJC_IMPLICIT_RETAIN_SELF = YES;
				CLANG_WARN_OBJC_LITERAL_CONVERSION = YES;
				CLANG_WARN_OBJC_ROOT_CLASS = YES_ERROR;
				CLANG_WARN_RANGE_LOOP_ANALYSIS = YES;
				CLANG_WARN_STRICT_PROTOTYPES = YES;
				CLANG_WARN_SUSPICIOUS_MOVE = YES;
				CLANG_WARN_UNGUARDED_AVAILABILITY = YES_AGGRESSIVE;
				CLANG_WARN_UNREACHABLE_CODE = YES;
				CLANG_WARN__DUPLICATE_METHOD_MATCH = YES;
				CODE_SIGN_IDENTITY = "iPhone Developer";
				COPY_PHASE_STRIP = NO;
				DEBUG_INFORMATION_FORMAT = dwarf;
				ENABLE_STRICT_OBJC_MSGSEND = YES;
				ENABLE_TESTABILITY = YES;
				GCC_C_LANGUAGE_STANDARD = gnu11;
				GCC_DYNAMIC_NO_PIC = NO;
				GCC_NO_COMMON_BLOCKS = YES;
				GCC_OPTIMIZATION_LEVEL = 0;
				GCC_PREPROCESSOR_DEFINITIONS = (
					"DEBUG=1",
					"$(inherited)",
				);
				GCC_WARN_64_TO_32_BIT_CONVERSION = YES;
				GCC_WARN_ABOUT_RETURN_TYPE = YES_ERROR;
				GCC_WARN_UNDECLARED_SELECTOR = YES;
				GCC_WARN_UNINITIALIZED_AUTOS = YES_AGGRESSIVE;
				GCC_WARN_UNUSED_FUNCTION = YES;
				GCC_WARN_UNUSED_VARIABLE = YES;
				IPHONEOS_DEPLOYMENT_TARGET = 12.4;
				MTL_ENABLE_DEBUG_INFO = INCLUDE_SOURCE;
				MTL_FAST_MATH = YES;
				ONLY_ACTIVE_ARCH = YES;
				SDKROOT = iphoneos;
				SWIFT_ACTIVE_COMPILATION_CONDITIONS = DEBUG;
				SWIFT_OPTIMIZATION_LEVEL = "-Onone";
			};
			name = Debug;
		};
		FF824C61230869D30003D2B9 /* Release */ = {
			isa = XCBuildConfiguration;
			buildSettings = {
				ALWAYS_SEARCH_USER_PATHS = NO;
				CLANG_ANALYZER_NONNULL = YES;
				CLANG_ANALYZER_NUMBER_OBJECT_CONVERSION = YES_AGGRESSIVE;
				CLANG_CXX_LANGUAGE_STANDARD = "gnu++14";
				CLANG_CXX_LIBRARY = "libc++";
				CLANG_ENABLE_MODULES = YES;
				CLANG_ENABLE_OBJC_ARC = YES;
				CLANG_ENABLE_OBJC_WEAK = YES;
				CLANG_WARN_BLOCK_CAPTURE_AUTORELEASING = YES;
				CLANG_WARN_BOOL_CONVERSION = YES;
				CLANG_WARN_COMMA = YES;
				CLANG_WARN_CONSTANT_CONVERSION = YES;
				CLANG_WARN_DEPRECATED_OBJC_IMPLEMENTATIONS = YES;
				CLANG_WARN_DIRECT_OBJC_ISA_USAGE = YES_ERROR;
				CLANG_WARN_DOCUMENTATION_COMMENTS = YES;
				CLANG_WARN_EMPTY_BODY = YES;
				CLANG_WARN_ENUM_CONVERSION = YES;
				CLANG_WARN_INFINITE_RECURSION = YES;
				CLANG_WARN_INT_CONVERSION = YES;
				CLANG_WARN_NON_LITERAL_NULL_CONVERSION = YES;
				CLANG_WARN_OBJC_IMPLICIT_RETAIN_SELF = YES;
				CLANG_WARN_OBJC_LITERAL_CONVERSION = YES;
				CLANG_WARN_OBJC_ROOT_CLASS = YES_ERROR;
				CLANG_WARN_RANGE_LOOP_ANALYSIS = YES;
				CLANG_WARN_STRICT_PROTOTYPES = YES;
				CLANG_WARN_SUSPICIOUS_MOVE = YES;
				CLANG_WARN_UNGUARDED_AVAILABILITY = YES_AGGRESSIVE;
				CLANG_WARN_UNREACHABLE_CODE = YES;
				CLANG_WARN__DUPLICATE_METHOD_MATCH = YES;
				CODE_SIGN_IDENTITY = "iPhone Developer";
				COPY_PHASE_STRIP = NO;
				DEBUG_INFORMATION_FORMAT = "dwarf-with-dsym";
				ENABLE_NS_ASSERTIONS = NO;
				ENABLE_STRICT_OBJC_MSGSEND = YES;
				GCC_C_LANGUAGE_STANDARD = gnu11;
				GCC_NO_COMMON_BLOCKS = YES;
				GCC_WARN_64_TO_32_BIT_CONVERSION = YES;
				GCC_WARN_ABOUT_RETURN_TYPE = YES_ERROR;
				GCC_WARN_UNDECLARED_SELECTOR = YES;
				GCC_WARN_UNINITIALIZED_AUTOS = YES_AGGRESSIVE;
				GCC_WARN_UNUSED_FUNCTION = YES;
				GCC_WARN_UNUSED_VARIABLE = YES;
				IPHONEOS_DEPLOYMENT_TARGET = 12.4;
				MTL_ENABLE_DEBUG_INFO = NO;
				MTL_FAST_MATH = YES;
				SDKROOT = iphoneos;
				SWIFT_COMPILATION_MODE = wholemodule;
				SWIFT_OPTIMIZATION_LEVEL = "-O";
				VALIDATE_PRODUCT = YES;
			};
			name = Release;
		};
		FF824C63230869D30003D2B9 /* Debug */ = {
			isa = XCBuildConfiguration;
			buildSettings = {
				ASSETCATALOG_COMPILER_APPICON_NAME = AppIcon;
				CODE_SIGN_STYLE = Automatic;
				DEVELOPMENT_TEAM = S86UCMU8YV;
				INFOPLIST_FILE = AppMovies/Info.plist;
				LD_RUNPATH_SEARCH_PATHS = (
					"$(inherited)",
					"@executable_path/Frameworks",
				);
				PRODUCT_BUNDLE_IDENTIFIER = com.svmdev.AppMovies;
				PRODUCT_NAME = "$(TARGET_NAME)";
				SWIFT_VERSION = 5.0;
				TARGETED_DEVICE_FAMILY = "1,2";
			};
			name = Debug;
		};
		FF824C64230869D30003D2B9 /* Release */ = {
			isa = XCBuildConfiguration;
			buildSettings = {
				ASSETCATALOG_COMPILER_APPICON_NAME = AppIcon;
				CODE_SIGN_STYLE = Automatic;
				DEVELOPMENT_TEAM = S86UCMU8YV;
				INFOPLIST_FILE = AppMovies/Info.plist;
				LD_RUNPATH_SEARCH_PATHS = (
					"$(inherited)",
					"@executable_path/Frameworks",
				);
				PRODUCT_BUNDLE_IDENTIFIER = com.svmdev.AppMovies;
				PRODUCT_NAME = "$(TARGET_NAME)";
				SWIFT_VERSION = 5.0;
				TARGETED_DEVICE_FAMILY = "1,2";
			};
			name = Release;
		};
/* End XCBuildConfiguration section */

/* Begin XCConfigurationList section */
		FF824C4B230869CF0003D2B9 /* Build configuration list for PBXProject "AppMovies" */ = {
			isa = XCConfigurationList;
			buildConfigurations = (
				FF824C60230869D30003D2B9 /* Debug */,
				FF824C61230869D30003D2B9 /* Release */,
			);
			defaultConfigurationIsVisible = 0;
			defaultConfigurationName = Release;
		};
		FF824C62230869D30003D2B9 /* Build configuration list for PBXNativeTarget "AppMovies" */ = {
			isa = XCConfigurationList;
			buildConfigurations = (
				FF824C63230869D30003D2B9 /* Debug */,
				FF824C64230869D30003D2B9 /* Release */,
			);
			defaultConfigurationIsVisible = 0;
			defaultConfigurationName = Release;
		};
/* End XCConfigurationList section */
	};
	rootObject = FF824C48230869CF0003D2B9 /* Project object */;
}
