// !$*UTF8*$!
{
	archiveVersion = 1;
	classes = {
	};
	objectVersion = 50;
	objects = {

/* Begin PBXBuildFile section */
		FDFCA252243FB782003D8EC1 /* AppDelegate.swift in Sources */ = {isa = PBXBuildFile; fileRef = FDFCA251243FB782003D8EC1 /* AppDelegate.swift */; };
		FDFCA254243FB782003D8EC1 /* SceneDelegate.swift in Sources */ = {isa = PBXBuildFile; fileRef = FDFCA253243FB782003D8EC1 /* SceneDelegate.swift */; };
		FDFCA256243FB782003D8EC1 /* ViewController.swift in Sources */ = {isa = PBXBuildFile; fileRef = FDFCA255243FB782003D8EC1 /* ViewController.swift */; };
		FDFCA259243FB782003D8EC1 /* Main.storyboard in Resources */ = {isa = PBXBuildFile; fileRef = FDFCA257243FB782003D8EC1 /* Main.storyboard */; };
		FDFCA25B243FB786003D8EC1 /* Assets.xcassets in Resources */ = {isa = PBXBuildFile; fileRef = FDFCA25A243FB786003D8EC1 /* Assets.xcassets */; };
		FDFCA25E243FB786003D8EC1 /* LaunchScreen.storyboard in Resources */ = {isa = PBXBuildFile; fileRef = FDFCA25C243FB786003D8EC1 /* LaunchScreen.storyboard */; };
		FDFCA267243FB851003D8EC1 /* bach.mp3 in Resources */ = {isa = PBXBuildFile; fileRef = FDFCA266243FB851003D8EC1 /* bach.mp3 */; };
/* End PBXBuildFile section */

/* Begin PBXFileReference section */
		FDFCA24E243FB782003D8EC1 /* Player Som.app */ = {isa = PBXFileReference; explicitFileType = wrapper.application; includeInIndex = 0; path = "Player Som.app"; sourceTree = BUILT_PRODUCTS_DIR; };
		FDFCA251243FB782003D8EC1 /* AppDelegate.swift */ = {isa = PBXFileReference; lastKnownFileType = sourcecode.swift; path = AppDelegate.swift; sourceTree = "<group>"; };
		FDFCA253243FB782003D8EC1 /* SceneDelegate.swift */ = {isa = PBXFileReference; lastKnownFileType = sourcecode.swift; path = SceneDelegate.swift; sourceTree = "<group>"; };
		FDFCA255243FB782003D8EC1 /* ViewController.swift */ = {isa = PBXFileReference; lastKnownFileType = sourcecode.swift; path = ViewController.swift; sourceTree = "<group>"; };
		FDFCA258243FB782003D8EC1 /* Base */ = {isa = PBXFileReference; lastKnownFileType = file.storyboard; name = Base; path = Base.lproj/Main.storyboard; sourceTree = "<group>"; };
		FDFCA25A243FB786003D8EC1 /* Assets.xcassets */ = {isa = PBXFileReference; lastKnownFileType = folder.assetcatalog; path = Assets.xcassets; sourceTree = "<group>"; };
		FDFCA25D243FB786003D8EC1 /* Base */ = {isa = PBXFileReference; lastKnownFileType = file.storyboard; name = Base; path = Base.lproj/LaunchScreen.storyboard; sourceTree = "<group>"; };
		FDFCA25F243FB786003D8EC1 /* Info.plist */ = {isa = PBXFileReference; lastKnownFileType = text.plist.xml; path = Info.plist; sourceTree = "<group>"; };
		FDFCA266243FB851003D8EC1 /* bach.mp3 */ = {isa = PBXFileReference; lastKnownFileType = audio.mp3; path = bach.mp3; sourceTree = "<group>"; };
/* End PBXFileReference section */

/* Begin PBXFrameworksBuildPhase section */
		FDFCA24B243FB782003D8EC1 /* Frameworks */ = {
			isa = PBXFrameworksBuildPhase;
			buildActionMask = 2147483647;
			files = (
			);
			runOnlyForDeploymentPostprocessing = 0;
		};
/* End PBXFrameworksBuildPhase section */

/* Begin PBXGroup section */
		FDFCA245243FB782003D8EC1 = {
			isa = PBXGroup;
			children = (
				FDFCA250243FB782003D8EC1 /* Player Som */,
				FDFCA24F243FB782003D8EC1 /* Products */,
			);
			sourceTree = "<group>";
		};
		FDFCA24F243FB782003D8EC1 /* Products */ = {
			isa = PBXGroup;
			children = (
				FDFCA24E243FB782003D8EC1 /* Player Som.app */,
			);
			name = Products;
			sourceTree = "<group>";
		};
		FDFCA250243FB782003D8EC1 /* Player Som */ = {
			isa = PBXGroup;
			children = (
				FDFCA265243FB83C003D8EC1 /* sons */,
				FDFCA251243FB782003D8EC1 /* AppDelegate.swift */,
				FDFCA253243FB782003D8EC1 /* SceneDelegate.swift */,
				FDFCA255243FB782003D8EC1 /* ViewController.swift */,
				FDFCA257243FB782003D8EC1 /* Main.storyboard */,
				FDFCA25A243FB786003D8EC1 /* Assets.xcassets */,
				FDFCA25C243FB786003D8EC1 /* LaunchScreen.storyboard */,
				FDFCA25F243FB786003D8EC1 /* Info.plist */,
			);
			path = "Player Som";
			sourceTree = "<group>";
		};
		FDFCA265243FB83C003D8EC1 /* sons */ = {
			isa = PBXGroup;
			children = (
				FDFCA266243FB851003D8EC1 /* bach.mp3 */,
			);
			path = sons;
			sourceTree = "<group>";
		};
/* End PBXGroup section */

/* Begin PBXNativeTarget section */
		FDFCA24D243FB782003D8EC1 /* Player Som */ = {
			isa = PBXNativeTarget;
			buildConfigurationList = FDFCA262243FB786003D8EC1 /* Build configuration list for PBXNativeTarget "Player Som" */;
			buildPhases = (
				FDFCA24A243FB782003D8EC1 /* Sources */,
				FDFCA24B243FB782003D8EC1 /* Frameworks */,
				FDFCA24C243FB782003D8EC1 /* Resources */,
			);
			buildRules = (
			);
			dependencies = (
			);
			name = "Player Som";
			productName = "Player Som";
			productReference = FDFCA24E243FB782003D8EC1 /* Player Som.app */;
			productType = "com.apple.product-type.application";
		};
/* End PBXNativeTarget section */

/* Begin PBXProject section */
		FDFCA246243FB782003D8EC1 /* Project object */ = {
			isa = PBXProject;
			attributes = {
				LastSwiftUpdateCheck = 1110;
				LastUpgradeCheck = 1110;
				ORGANIZATIONNAME = "Savio Martins Valentim";
				TargetAttributes = {
					FDFCA24D243FB782003D8EC1 = {
						CreatedOnToolsVersion = 11.1;
					};
				};
			};
			buildConfigurationList = FDFCA249243FB782003D8EC1 /* Build configuration list for PBXProject "Player Som" */;
			compatibilityVersion = "Xcode 9.3";
			developmentRegion = en;
			hasScannedForEncodings = 0;
			knownRegions = (
				en,
				Base,
			);
			mainGroup = FDFCA245243FB782003D8EC1;
			productRefGroup = FDFCA24F243FB782003D8EC1 /* Products */;
			projectDirPath = "";
			projectRoot = "";
			targets = (
				FDFCA24D243FB782003D8EC1 /* Player Som */,
			);
		};
/* End PBXProject section */

/* Begin PBXResourcesBuildPhase section */
		FDFCA24C243FB782003D8EC1 /* Resources */ = {
			isa = PBXResourcesBuildPhase;
			buildActionMask = 2147483647;
			files = (
				FDFCA267243FB851003D8EC1 /* bach.mp3 in Resources */,
				FDFCA25E243FB786003D8EC1 /* LaunchScreen.storyboard in Resources */,
				FDFCA25B243FB786003D8EC1 /* Assets.xcassets in Resources */,
				FDFCA259243FB782003D8EC1 /* Main.storyboard in Resources */,
			);
			runOnlyForDeploymentPostprocessing = 0;
		};
/* End PBXResourcesBuildPhase section */

/* Begin PBXSourcesBuildPhase section */
		FDFCA24A243FB782003D8EC1 /* Sources */ = {
			isa = PBXSourcesBuildPhase;
			buildActionMask = 2147483647;
			files = (
				FDFCA256243FB782003D8EC1 /* ViewController.swift in Sources */,
				FDFCA252243FB782003D8EC1 /* AppDelegate.swift in Sources */,
				FDFCA254243FB782003D8EC1 /* SceneDelegate.swift in Sources */,
			);
			runOnlyForDeploymentPostprocessing = 0;
		};
/* End PBXSourcesBuildPhase section */

/* Begin PBXVariantGroup section */
		FDFCA257243FB782003D8EC1 /* Main.storyboard */ = {
			isa = PBXVariantGroup;
			children = (
				FDFCA258243FB782003D8EC1 /* Base */,
			);
			name = Main.storyboard;
			sourceTree = "<group>";
		};
		FDFCA25C243FB786003D8EC1 /* LaunchScreen.storyboard */ = {
			isa = PBXVariantGroup;
			children = (
				FDFCA25D243FB786003D8EC1 /* Base */,
			);
			name = LaunchScreen.storyboard;
			sourceTree = "<group>";
		};
/* End PBXVariantGroup section */

/* Begin XCBuildConfiguration section */
		FDFCA260243FB786003D8EC1 /* Debug */ = {
			isa = XCBuildConfiguration;
			buildSettings = {
				ALWAYS_SEARCH_USER_PATHS = NO;
				CLANG_ANALYZER_NONNULL = YES;
				CLANG_ANALYZER_NUMBER_OBJECT_CONVERSION = YES_AGGRESSIVE;
				CLANG_CXX_LANGUAGE_STANDARD = "gnu++14";
				CLANG_CXX_LIBRARY = "libc++";
				CLANG_ENABLE_MODULES = YES;
				CLANG_ENABLE_OBJC_ARC = YES;
				CLANG_ENABLE_OBJC_WEAK = YES;
				CLANG_WARN_BLOCK_CAPTURE_AUTORELEASING = YES;
				CLANG_WARN_BOOL_CONVERSION = YES;
				CLANG_WARN_COMMA = YES;
				CLANG_WARN_CONSTANT_CONVERSION = YES;
				CLANG_WARN_DEPRECATED_OBJC_IMPLEMENTATIONS = YES;
				CLANG_WARN_DIRECT_OBJC_ISA_USAGE = YES_ERROR;
				CLANG_WARN_DOCUMENTATION_COMMENTS = YES;
				CLANG_WARN_EMPTY_BODY = YES;
				CLANG_WARN_ENUM_CONVERSION = YES;
				CLANG_WARN_INFINITE_RECURSION = YES;
				CLANG_WARN_INT_CONVERSION = YES;
				CLANG_WARN_NON_LITERAL_NULL_CONVERSION = YES;
				CLANG_WARN_OBJC_IMPLICIT_RETAIN_SELF = YES;
				CLANG_WARN_OBJC_LITERAL_CONVERSION = YES;
				CLANG_WARN_OBJC_ROOT_CLASS = YES_ERROR;
				CLANG_WARN_RANGE_LOOP_ANALYSIS = YES;
				CLANG_WARN_STRICT_PROTOTYPES = YES;
				CLANG_WARN_SUSPICIOUS_MOVE = YES;
				CLANG_WARN_UNGUARDED_AVAILABILITY = YES_AGGRESSIVE;
				CLANG_WARN_UNREACHABLE_CODE = YES;
				CLANG_WARN__DUPLICATE_METHOD_MATCH = YES;
				COPY_PHASE_STRIP = NO;
				DEBUG_INFORMATION_FORMAT = dwarf;
				ENABLE_STRICT_OBJC_MSGSEND = YES;
				ENABLE_TESTABILITY = YES;
				GCC_C_LANGUAGE_STANDARD = gnu11;
				GCC_DYNAMIC_NO_PIC = NO;
				GCC_NO_COMMON_BLOCKS = YES;
				GCC_OPTIMIZATION_LEVEL = 0;
				GCC_PREPROCESSOR_DEFINITIONS = (
					"DEBUG=1",
					"$(inherited)",
				);
				GCC_WARN_64_TO_32_BIT_CONVERSION = YES;
				GCC_WARN_ABOUT_RETURN_TYPE = YES_ERROR;
				GCC_WARN_UNDECLARED_SELECTOR = YES;
				GCC_WARN_UNINITIALIZED_AUTOS = YES_AGGRESSIVE;
				GCC_WARN_UNUSED_FUNCTION = YES;
				GCC_WARN_UNUSED_VARIABLE = YES;
				IPHONEOS_DEPLOYMENT_TARGET = 13.1;
				MTL_ENABLE_DEBUG_INFO = INCLUDE_SOURCE;
				MTL_FAST_MATH = YES;
				ONLY_ACTIVE_ARCH = YES;
				SDKROOT = iphoneos;
				SWIFT_ACTIVE_COMPILATION_CONDITIONS = DEBUG;
				SWIFT_OPTIMIZATION_LEVEL = "-Onone";
			};
			name = Debug;
		};
		FDFCA261243FB786003D8EC1 /* Release */ = {
			isa = XCBuildConfiguration;
			buildSettings = {
				ALWAYS_SEARCH_USER_PATHS = NO;
				CLANG_ANALYZER_NONNULL = YES;
				CLANG_ANALYZER_NUMBER_OBJECT_CONVERSION = YES_AGGRESSIVE;
				CLANG_CXX_LANGUAGE_STANDARD = "gnu++14";
				CLANG_CXX_LIBRARY = "libc++";
				CLANG_ENABLE_MODULES = YES;
				CLANG_ENABLE_OBJC_ARC = YES;
				CLANG_ENABLE_OBJC_WEAK = YES;
				CLANG_WARN_BLOCK_CAPTURE_AUTORELEASING = YES;
				CLANG_WARN_BOOL_CONVERSION = YES;
				CLANG_WARN_COMMA = YES;
				CLANG_WARN_CONSTANT_CONVERSION = YES;
				CLANG_WARN_DEPRECATED_OBJC_IMPLEMENTATIONS = YES;
				CLANG_WARN_DIRECT_OBJC_ISA_USAGE = YES_ERROR;
				CLANG_WARN_DOCUMENTATION_COMMENTS = YES;
				CLANG_WARN_EMPTY_BODY = YES;
				CLANG_WARN_ENUM_CONVERSION = YES;
				CLANG_WARN_INFINITE_RECURSION = YES;
				CLANG_WARN_INT_CONVERSION = YES;
				CLANG_WARN_NON_LITERAL_NULL_CONVERSION = YES;
				CLANG_WARN_OBJC_IMPLICIT_RETAIN_SELF = YES;
				CLANG_WARN_OBJC_LITERAL_CONVERSION = YES;
				CLANG_WARN_OBJC_ROOT_CLASS = YES_ERROR;
				CLANG_WARN_RANGE_LOOP_ANALYSIS = YES;
				CLANG_WARN_STRICT_PROTOTYPES = YES;
				CLANG_WARN_SUSPICIOUS_MOVE = YES;
				CLANG_WARN_UNGUARDED_AVAILABILITY = YES_AGGRESSIVE;
				CLANG_WARN_UNREACHABLE_CODE = YES;
				CLANG_WARN__DUPLICATE_METHOD_MATCH = YES;
				COPY_PHASE_STRIP = NO;
				DEBUG_INFORMATION_FORMAT = "dwarf-with-dsym";
				ENABLE_NS_ASSERTIONS = NO;
				ENABLE_STRICT_OBJC_MSGSEND = YES;
				GCC_C_LANGUAGE_STANDARD = gnu11;
				GCC_NO_COMMON_BLOCKS = YES;
				GCC_WARN_64_TO_32_BIT_CONVERSION = YES;
				GCC_WARN_ABOUT_RETURN_TYPE = YES_ERROR;
				GCC_WARN_UNDECLARED_SELECTOR = YES;
				GCC_WARN_UNINITIALIZED_AUTOS = YES_AGGRESSIVE;
				GCC_WARN_UNUSED_FUNCTION = YES;
				GCC_WARN_UNUSED_VARIABLE = YES;
				IPHONEOS_DEPLOYMENT_TARGET = 13.1;
				MTL_ENABLE_DEBUG_INFO = NO;
				MTL_FAST_MATH = YES;
				SDKROOT = iphoneos;
				SWIFT_COMPILATION_MODE = wholemodule;
				SWIFT_OPTIMIZATION_LEVEL = "-O";
				VALIDATE_PRODUCT = YES;
			};
			name = Release;
		};
		FDFCA263243FB786003D8EC1 /* Debug */ = {
			isa = XCBuildConfiguration;
			buildSettings = {
				ASSETCATALOG_COMPILER_APPICON_NAME = AppIcon;
				CODE_SIGN_STYLE = Automatic;
				INFOPLIST_FILE = "Player Som/Info.plist";
				LD_RUNPATH_SEARCH_PATHS = (
					"$(inherited)",
					"@executable_path/Frameworks",
				);
				PRODUCT_BUNDLE_IDENTIFIER = "SVM-Dev.Player-Som";
				PRODUCT_NAME = "$(TARGET_NAME)";
				SWIFT_VERSION = 5.0;
				TARGETED_DEVICE_FAMILY = "1,2";
			};
			name = Debug;
		};
		FDFCA264243FB786003D8EC1 /* Release */ = {
			isa = XCBuildConfiguration;
			buildSettings = {
				ASSETCATALOG_COMPILER_APPICON_NAME = AppIcon;
				CODE_SIGN_STYLE = Automatic;
				INFOPLIST_FILE = "Player Som/Info.plist";
				LD_RUNPATH_SEARCH_PATHS = (
					"$(inherited)",
					"@executable_path/Frameworks",
				);
				PRODUCT_BUNDLE_IDENTIFIER = "SVM-Dev.Player-Som";
				PRODUCT_NAME = "$(TARGET_NAME)";
				SWIFT_VERSION = 5.0;
				TARGETED_DEVICE_FAMILY = "1,2";
			};
			name = Release;
		};
/* End XCBuildConfiguration section */

/* Begin XCConfigurationList section */
		FDFCA249243FB782003D8EC1 /* Build configuration list for PBXProject "Player Som" */ = {
			isa = XCConfigurationList;
			buildConfigurations = (
				FDFCA260243FB786003D8EC1 /* Debug */,
				FDFCA261243FB786003D8EC1 /* Release */,
			);
			defaultConfigurationIsVisible = 0;
			defaultConfigurationName = Release;
		};
		FDFCA262243FB786003D8EC1 /* Build configuration list for PBXNativeTarget "Player Som" */ = {
			isa = XCConfigurationList;
			buildConfigurations = (
				FDFCA263243FB786003D8EC1 /* Debug */,
				FDFCA264243FB786003D8EC1 /* Release */,
			);
			defaultConfigurationIsVisible = 0;
			defaultConfigurationName = Release;
		};
/* End XCConfigurationList section */
	};
	rootObject = FDFCA246243FB782003D8EC1 /* Project object */;
}
