// !$*UTF8*$!
{
	archiveVersion = 1;
	classes = {
	};
	objectVersion = 50;
	objects = {

/* Begin PBXBuildFile section */
		FD333990242EA5BE006B4BE9 /* AppDelegate.swift in Sources */ = {isa = PBXBuildFile; fileRef = FD33398F242EA5BE006B4BE9 /* AppDelegate.swift */; };
		FD333992242EA5BE006B4BE9 /* SceneDelegate.swift in Sources */ = {isa = PBXBuildFile; fileRef = FD333991242EA5BE006B4BE9 /* SceneDelegate.swift */; };
		FD333994242EA5BE006B4BE9 /* ViewController.swift in Sources */ = {isa = PBXBuildFile; fileRef = FD333993242EA5BE006B4BE9 /* ViewController.swift */; };
		FD333997242EA5BE006B4BE9 /* Main.storyboard in Resources */ = {isa = PBXBuildFile; fileRef = FD333995242EA5BE006B4BE9 /* Main.storyboard */; };
		FD333999242EA5C0006B4BE9 /* Assets.xcassets in Resources */ = {isa = PBXBuildFile; fileRef = FD333998242EA5C0006B4BE9 /* Assets.xcassets */; };
		FD33399C242EA5C0006B4BE9 /* LaunchScreen.storyboard in Resources */ = {isa = PBXBuildFile; fileRef = FD33399A242EA5C0006B4BE9 /* LaunchScreen.storyboard */; };
		FD97738C24321D21008B8BE8 /* LocaisViagemViewController.swift in Sources */ = {isa = PBXBuildFile; fileRef = FD97738B24321D21008B8BE8 /* LocaisViagemViewController.swift */; };
		FD97738E243237E7008B8BE8 /* AmazenamentoDados.swift in Sources */ = {isa = PBXBuildFile; fileRef = FD97738D243237E7008B8BE8 /* AmazenamentoDados.swift */; };
/* End PBXBuildFile section */

/* Begin PBXFileReference section */
		FD33398C242EA5BE006B4BE9 /* Minhas Viagens.app */ = {isa = PBXFileReference; explicitFileType = wrapper.application; includeInIndex = 0; path = "Minhas Viagens.app"; sourceTree = BUILT_PRODUCTS_DIR; };
		FD33398F242EA5BE006B4BE9 /* AppDelegate.swift */ = {isa = PBXFileReference; lastKnownFileType = sourcecode.swift; path = AppDelegate.swift; sourceTree = "<group>"; };
		FD333991242EA5BE006B4BE9 /* SceneDelegate.swift */ = {isa = PBXFileReference; lastKnownFileType = sourcecode.swift; path = SceneDelegate.swift; sourceTree = "<group>"; };
		FD333993242EA5BE006B4BE9 /* ViewController.swift */ = {isa = PBXFileReference; lastKnownFileType = sourcecode.swift; path = ViewController.swift; sourceTree = "<group>"; };
		FD333996242EA5BE006B4BE9 /* Base */ = {isa = PBXFileReference; lastKnownFileType = file.storyboard; name = Base; path = Base.lproj/Main.storyboard; sourceTree = "<group>"; };
		FD333998242EA5C0006B4BE9 /* Assets.xcassets */ = {isa = PBXFileReference; lastKnownFileType = folder.assetcatalog; path = Assets.xcassets; sourceTree = "<group>"; };
		FD33399B242EA5C0006B4BE9 /* Base */ = {isa = PBXFileReference; lastKnownFileType = file.storyboard; name = Base; path = Base.lproj/LaunchScreen.storyboard; sourceTree = "<group>"; };
		FD33399D242EA5C0006B4BE9 /* Info.plist */ = {isa = PBXFileReference; lastKnownFileType = text.plist.xml; path = Info.plist; sourceTree = "<group>"; };
		FD97738B24321D21008B8BE8 /* LocaisViagemViewController.swift */ = {isa = PBXFileReference; lastKnownFileType = sourcecode.swift; path = LocaisViagemViewController.swift; sourceTree = "<group>"; };
		FD97738D243237E7008B8BE8 /* AmazenamentoDados.swift */ = {isa = PBXFileReference; lastKnownFileType = sourcecode.swift; path = AmazenamentoDados.swift; sourceTree = "<group>"; };
/* End PBXFileReference section */

/* Begin PBXFrameworksBuildPhase section */
		FD333989242EA5BE006B4BE9 /* Frameworks */ = {
			isa = PBXFrameworksBuildPhase;
			buildActionMask = 2147483647;
			files = (
			);
			runOnlyForDeploymentPostprocessing = 0;
		};
/* End PBXFrameworksBuildPhase section */

/* Begin PBXGroup section */
		FD333983242EA5BE006B4BE9 = {
			isa = PBXGroup;
			children = (
				FD33398E242EA5BE006B4BE9 /* Minhas Viagens */,
				FD33398D242EA5BE006B4BE9 /* Products */,
			);
			sourceTree = "<group>";
		};
		FD33398D242EA5BE006B4BE9 /* Products */ = {
			isa = PBXGroup;
			children = (
				FD33398C242EA5BE006B4BE9 /* Minhas Viagens.app */,
			);
			name = Products;
			sourceTree = "<group>";
		};
		FD33398E242EA5BE006B4BE9 /* Minhas Viagens */ = {
			isa = PBXGroup;
			children = (
				FD33398F242EA5BE006B4BE9 /* AppDelegate.swift */,
				FD333991242EA5BE006B4BE9 /* SceneDelegate.swift */,
				FD333993242EA5BE006B4BE9 /* ViewController.swift */,
				FD333995242EA5BE006B4BE9 /* Main.storyboard */,
				FD97738B24321D21008B8BE8 /* LocaisViagemViewController.swift */,
				FD333998242EA5C0006B4BE9 /* Assets.xcassets */,
				FD33399A242EA5C0006B4BE9 /* LaunchScreen.storyboard */,
				FD33399D242EA5C0006B4BE9 /* Info.plist */,
				FD97738D243237E7008B8BE8 /* AmazenamentoDados.swift */,
			);
			path = "Minhas Viagens";
			sourceTree = "<group>";
		};
/* End PBXGroup section */

/* Begin PBXNativeTarget section */
		FD33398B242EA5BE006B4BE9 /* Minhas Viagens */ = {
			isa = PBXNativeTarget;
			buildConfigurationList = FD3339A0242EA5C0006B4BE9 /* Build configuration list for PBXNativeTarget "Minhas Viagens" */;
			buildPhases = (
				FD333988242EA5BE006B4BE9 /* Sources */,
				FD333989242EA5BE006B4BE9 /* Frameworks */,
				FD33398A242EA5BE006B4BE9 /* Resources */,
			);
			buildRules = (
			);
			dependencies = (
			);
			name = "Minhas Viagens";
			productName = "Minhas Viagens";
			productReference = FD33398C242EA5BE006B4BE9 /* Minhas Viagens.app */;
			productType = "com.apple.product-type.application";
		};
/* End PBXNativeTarget section */

/* Begin PBXProject section */
		FD333984242EA5BE006B4BE9 /* Project object */ = {
			isa = PBXProject;
			attributes = {
				LastSwiftUpdateCheck = 1110;
				LastUpgradeCheck = 1110;
				ORGANIZATIONNAME = "Savio Martins Valentim";
				TargetAttributes = {
					FD33398B242EA5BE006B4BE9 = {
						CreatedOnToolsVersion = 11.1;
					};
				};
			};
			buildConfigurationList = FD333987242EA5BE006B4BE9 /* Build configuration list for PBXProject "Minhas Viagens" */;
			compatibilityVersion = "Xcode 9.3";
			developmentRegion = en;
			hasScannedForEncodings = 0;
			knownRegions = (
				en,
				Base,
			);
			mainGroup = FD333983242EA5BE006B4BE9;
			productRefGroup = FD33398D242EA5BE006B4BE9 /* Products */;
			projectDirPath = "";
			projectRoot = "";
			targets = (
				FD33398B242EA5BE006B4BE9 /* Minhas Viagens */,
			);
		};
/* End PBXProject section */

/* Begin PBXResourcesBuildPhase section */
		FD33398A242EA5BE006B4BE9 /* Resources */ = {
			isa = PBXResourcesBuildPhase;
			buildActionMask = 2147483647;
			files = (
				FD33399C242EA5C0006B4BE9 /* LaunchScreen.storyboard in Resources */,
				FD333999242EA5C0006B4BE9 /* Assets.xcassets in Resources */,
				FD333997242EA5BE006B4BE9 /* Main.storyboard in Resources */,
			);
			runOnlyForDeploymentPostprocessing = 0;
		};
/* End PBXResourcesBuildPhase section */

/* Begin PBXSourcesBuildPhase section */
		FD333988242EA5BE006B4BE9 /* Sources */ = {
			isa = PBXSourcesBuildPhase;
			buildActionMask = 2147483647;
			files = (
				FD97738C24321D21008B8BE8 /* LocaisViagemViewController.swift in Sources */,
				FD333994242EA5BE006B4BE9 /* ViewController.swift in Sources */,
				FD97738E243237E7008B8BE8 /* AmazenamentoDados.swift in Sources */,
				FD333990242EA5BE006B4BE9 /* AppDelegate.swift in Sources */,
				FD333992242EA5BE006B4BE9 /* SceneDelegate.swift in Sources */,
			);
			runOnlyForDeploymentPostprocessing = 0;
		};
/* End PBXSourcesBuildPhase section */

/* Begin PBXVariantGroup section */
		FD333995242EA5BE006B4BE9 /* Main.storyboard */ = {
			isa = PBXVariantGroup;
			children = (
				FD333996242EA5BE006B4BE9 /* Base */,
			);
			name = Main.storyboard;
			sourceTree = "<group>";
		};
		FD33399A242EA5C0006B4BE9 /* LaunchScreen.storyboard */ = {
			isa = PBXVariantGroup;
			children = (
				FD33399B242EA5C0006B4BE9 /* Base */,
			);
			name = LaunchScreen.storyboard;
			sourceTree = "<group>";
		};
/* End PBXVariantGroup section */

/* Begin XCBuildConfiguration section */
		FD33399E242EA5C0006B4BE9 /* Debug */ = {
			isa = XCBuildConfiguration;
			buildSettings = {
				ALWAYS_SEARCH_USER_PATHS = NO;
				CLANG_ANALYZER_NONNULL = YES;
				CLANG_ANALYZER_NUMBER_OBJECT_CONVERSION = YES_AGGRESSIVE;
				CLANG_CXX_LANGUAGE_STANDARD = "gnu++14";
				CLANG_CXX_LIBRARY = "libc++";
				CLANG_ENABLE_MODULES = YES;
				CLANG_ENABLE_OBJC_ARC = YES;
				CLANG_ENABLE_OBJC_WEAK = YES;
				CLANG_WARN_BLOCK_CAPTURE_AUTORELEASING = YES;
				CLANG_WARN_BOOL_CONVERSION = YES;
				CLANG_WARN_COMMA = YES;
				CLANG_WARN_CONSTANT_CONVERSION = YES;
				CLANG_WARN_DEPRECATED_OBJC_IMPLEMENTATIONS = YES;
				CLANG_WARN_DIRECT_OBJC_ISA_USAGE = YES_ERROR;
				CLANG_WARN_DOCUMENTATION_COMMENTS = YES;
				CLANG_WARN_EMPTY_BODY = YES;
				CLANG_WARN_ENUM_CONVERSION = YES;
				CLANG_WARN_INFINITE_RECURSION = YES;
				CLANG_WARN_INT_CONVERSION = YES;
				CLANG_WARN_NON_LITERAL_NULL_CONVERSION = YES;
				CLANG_WARN_OBJC_IMPLICIT_RETAIN_SELF = YES;
				CLANG_WARN_OBJC_LITERAL_CONVERSION = YES;
				CLANG_WARN_OBJC_ROOT_CLASS = YES_ERROR;
				CLANG_WARN_RANGE_LOOP_ANALYSIS = YES;
				CLANG_WARN_STRICT_PROTOTYPES = YES;
				CLANG_WARN_SUSPICIOUS_MOVE = YES;
				CLANG_WARN_UNGUARDED_AVAILABILITY = YES_AGGRESSIVE;
				CLANG_WARN_UNREACHABLE_CODE = YES;
				CLANG_WARN__DUPLICATE_METHOD_MATCH = YES;
				COPY_PHASE_STRIP = NO;
				DEBUG_INFORMATION_FORMAT = dwarf;
				ENABLE_STRICT_OBJC_MSGSEND = YES;
				ENABLE_TESTABILITY = YES;
				GCC_C_LANGUAGE_STANDARD = gnu11;
				GCC_DYNAMIC_NO_PIC = NO;
				GCC_NO_COMMON_BLOCKS = YES;
				GCC_OPTIMIZATION_LEVEL = 0;
				GCC_PREPROCESSOR_DEFINITIONS = (
					"DEBUG=1",
					"$(inherited)",
				);
				GCC_WARN_64_TO_32_BIT_CONVERSION = YES;
				GCC_WARN_ABOUT_RETURN_TYPE = YES_ERROR;
				GCC_WARN_UNDECLARED_SELECTOR = YES;
				GCC_WARN_UNINITIALIZED_AUTOS = YES_AGGRESSIVE;
				GCC_WARN_UNUSED_FUNCTION = YES;
				GCC_WARN_UNUSED_VARIABLE = YES;
				IPHONEOS_DEPLOYMENT_TARGET = 13.1;
				MTL_ENABLE_DEBUG_INFO = INCLUDE_SOURCE;
				MTL_FAST_MATH = YES;
				ONLY_ACTIVE_ARCH = YES;
				SDKROOT = iphoneos;
				SWIFT_ACTIVE_COMPILATION_CONDITIONS = DEBUG;
				SWIFT_OPTIMIZATION_LEVEL = "-Onone";
			};
			name = Debug;
		};
		FD33399F242EA5C0006B4BE9 /* Release */ = {
			isa = XCBuildConfiguration;
			buildSettings = {
				ALWAYS_SEARCH_USER_PATHS = NO;
				CLANG_ANALYZER_NONNULL = YES;
				CLANG_ANALYZER_NUMBER_OBJECT_CONVERSION = YES_AGGRESSIVE;
				CLANG_CXX_LANGUAGE_STANDARD = "gnu++14";
				CLANG_CXX_LIBRARY = "libc++";
				CLANG_ENABLE_MODULES = YES;
				CLANG_ENABLE_OBJC_ARC = YES;
				CLANG_ENABLE_OBJC_WEAK = YES;
				CLANG_WARN_BLOCK_CAPTURE_AUTORELEASING = YES;
				CLANG_WARN_BOOL_CONVERSION = YES;
				CLANG_WARN_COMMA = YES;
				CLANG_WARN_CONSTANT_CONVERSION = YES;
				CLANG_WARN_DEPRECATED_OBJC_IMPLEMENTATIONS = YES;
				CLANG_WARN_DIRECT_OBJC_ISA_USAGE = YES_ERROR;
				CLANG_WARN_DOCUMENTATION_COMMENTS = YES;
				CLANG_WARN_EMPTY_BODY = YES;
				CLANG_WARN_ENUM_CONVERSION = YES;
				CLANG_WARN_INFINITE_RECURSION = YES;
				CLANG_WARN_INT_CONVERSION = YES;
				CLANG_WARN_NON_LITERAL_NULL_CONVERSION = YES;
				CLANG_WARN_OBJC_IMPLICIT_RETAIN_SELF = YES;
				CLANG_WARN_OBJC_LITERAL_CONVERSION = YES;
				CLANG_WARN_OBJC_ROOT_CLASS = YES_ERROR;
				CLANG_WARN_RANGE_LOOP_ANALYSIS = YES;
				CLANG_WARN_STRICT_PROTOTYPES = YES;
				CLANG_WARN_SUSPICIOUS_MOVE = YES;
				CLANG_WARN_UNGUARDED_AVAILABILITY = YES_AGGRESSIVE;
				CLANG_WARN_UNREACHABLE_CODE = YES;
				CLANG_WARN__DUPLICATE_METHOD_MATCH = YES;
				COPY_PHASE_STRIP = NO;
				DEBUG_INFORMATION_FORMAT = "dwarf-with-dsym";
				ENABLE_NS_ASSERTIONS = NO;
				ENABLE_STRICT_OBJC_MSGSEND = YES;
				GCC_C_LANGUAGE_STANDARD = gnu11;
				GCC_NO_COMMON_BLOCKS = YES;
				GCC_WARN_64_TO_32_BIT_CONVERSION = YES;
				GCC_WARN_ABOUT_RETURN_TYPE = YES_ERROR;
				GCC_WARN_UNDECLARED_SELECTOR = YES;
				GCC_WARN_UNINITIALIZED_AUTOS = YES_AGGRESSIVE;
				GCC_WARN_UNUSED_FUNCTION = YES;
				GCC_WARN_UNUSED_VARIABLE = YES;
				IPHONEOS_DEPLOYMENT_TARGET = 13.1;
				MTL_ENABLE_DEBUG_INFO = NO;
				MTL_FAST_MATH = YES;
				SDKROOT = iphoneos;
				SWIFT_COMPILATION_MODE = wholemodule;
				SWIFT_OPTIMIZATION_LEVEL = "-O";
				VALIDATE_PRODUCT = YES;
			};
			name = Release;
		};
		FD3339A1242EA5C0006B4BE9 /* Debug */ = {
			isa = XCBuildConfiguration;
			buildSettings = {
				ASSETCATALOG_COMPILER_APPICON_NAME = AppIcon;
				CODE_SIGN_STYLE = Automatic;
				INFOPLIST_FILE = "Minhas Viagens/Info.plist";
				LD_RUNPATH_SEARCH_PATHS = (
					"$(inherited)",
					"@executable_path/Frameworks",
				);
				PRODUCT_BUNDLE_IDENTIFIER = "SVM-Dev.Minhas-Viagens";
				PRODUCT_NAME = "$(TARGET_NAME)";
				SWIFT_VERSION = 5.0;
				TARGETED_DEVICE_FAMILY = "1,2";
			};
			name = Debug;
		};
		FD3339A2242EA5C0006B4BE9 /* Release */ = {
			isa = XCBuildConfiguration;
			buildSettings = {
				ASSETCATALOG_COMPILER_APPICON_NAME = AppIcon;
				CODE_SIGN_STYLE = Automatic;
				INFOPLIST_FILE = "Minhas Viagens/Info.plist";
				LD_RUNPATH_SEARCH_PATHS = (
					"$(inherited)",
					"@executable_path/Frameworks",
				);
				PRODUCT_BUNDLE_IDENTIFIER = "SVM-Dev.Minhas-Viagens";
				PRODUCT_NAME = "$(TARGET_NAME)";
				SWIFT_VERSION = 5.0;
				TARGETED_DEVICE_FAMILY = "1,2";
			};
			name = Release;
		};
/* End XCBuildConfiguration section */

/* Begin XCConfigurationList section */
		FD333987242EA5BE006B4BE9 /* Build configuration list for PBXProject "Minhas Viagens" */ = {
			isa = XCConfigurationList;
			buildConfigurations = (
				FD33399E242EA5C0006B4BE9 /* Debug */,
				FD33399F242EA5C0006B4BE9 /* Release */,
			);
			defaultConfigurationIsVisible = 0;
			defaultConfigurationName = Release;
		};
		FD3339A0242EA5C0006B4BE9 /* Build configuration list for PBXNativeTarget "Minhas Viagens" */ = {
			isa = XCConfigurationList;
			buildConfigurations = (
				FD3339A1242EA5C0006B4BE9 /* Debug */,
				FD3339A2242EA5C0006B4BE9 /* Release */,
			);
			defaultConfigurationIsVisible = 0;
			defaultConfigurationName = Release;
		};
/* End XCConfigurationList section */
	};
	rootObject = FD333984242EA5BE006B4BE9 /* Project object */;
}
